# @generated - this file is auto-generated by `mise lock` https://mise.jdx.dev/dev-tools/mise-lock.html

lockfile_version = 1

[[tools."cargo:neocmakelsp"]]
version = "0.11.0"
backend = "cargo:neocmakelsp"
specifiers = ["latest"]

[[tools."dotnet:roslyn-language-server"]]
version = "5.12.0-1.26426.8"
backend = "dotnet:roslyn-language-server"
specifiers = ["latest"]

[[tools.git-cliff]]
version = "2.13.1"
backend = "aqua:orhun/git-cliff"
specifiers = ["latest"]

[tools.git-cliff."platforms.linux-x64"]
checksum = "sha256:9a1263f24e59a2f508c7b3d3283c9dea94a8bf697f96dbc18cc783cac6284546"
url = "https://github.com/orhun/git-cliff/releases/download/v2.13.1/git-cliff-2.13.1-x86_64-unknown-linux-gnu.tar.gz"
url_api = "https://api.github.com/repos/orhun/git-cliff/releases/assets/405850439"

[tools.git-cliff."platforms.linux-x64-musl"]
checksum = "sha256:200d2535da6d9703f3bcc8a4d159c3b55eacdb01cf2148c55b3eee9dd04d5249"
url = "https://github.com/orhun/git-cliff/releases/download/v2.13.1/git-cliff-2.13.1-x86_64-unknown-linux-musl.tar.gz"
url_api = "https://api.github.com/repos/orhun/git-cliff/releases/assets/405850671"

[[tools."github:JCWasmx86/MesonLSP"]]
version = "5.0.4"
backend = "github:JCWasmx86/MesonLSP"
specifiers = ["latest"]

[tools."github:JCWasmx86/MesonLSP"."platforms.linux-x64"]
checksum = "sha256:e6e604773eb40adee31c48a6c00333c1baaba4468acbc18d285da9caef7ac094"
url = "https://github.com/JCWasmx86/mesonlsp/releases/download/v5.0.4/mesonlsp-x86_64-unknown-linux-musl.zip"
url_api = "https://api.github.com/repos/JCWasmx86/mesonlsp/releases/assets/507312509"

[tools."github:JCWasmx86/MesonLSP"."platforms.linux-x64-musl"]
checksum = "sha256:e6e604773eb40adee31c48a6c00333c1baaba4468acbc18d285da9caef7ac094"
url = "https://github.com/JCWasmx86/mesonlsp/releases/download/v5.0.4/mesonlsp-x86_64-unknown-linux-musl.zip"
url_api = "https://api.github.com/repos/JCWasmx86/mesonlsp/releases/assets/507312509"

[[tools."github:RivoLink/leaf"]]
version = "1.28.0"
backend = "github:RivoLink/leaf"
specifiers = ["latest"]

[tools."github:RivoLink/leaf"."platforms.linux-x64"]
checksum = "sha256:75ae19911daca4041a32aa9282e5ae7e51f6d4c6e6ceed1e59fc40879e00825c"
url = "https://github.com/RivoLink/leaf/releases/download/1.28.0/leaf-linux-x86_64"
url_api = "https://api.github.com/repos/RivoLink/leaf/releases/assets/517256707"

[tools."github:RivoLink/leaf"."platforms.linux-x64-musl"]
checksum = "sha256:75ae19911daca4041a32aa9282e5ae7e51f6d4c6e6ceed1e59fc40879e00825c"
url = "https://github.com/RivoLink/leaf/releases/download/1.28.0/leaf-linux-x86_64"
url_api = "https://api.github.com/repos/RivoLink/leaf/releases/assets/517256707"

[[tools."github:Y2Z/monolith"]]
version = "2.10.1"
backend = "github:Y2Z/monolith"
specifiers = ["latest"]

[tools."github:Y2Z/monolith"."platforms.linux-x64"]
url = "https://github.com/Y2Z/monolith/releases/download/v2.10.1/monolith-gnu-linux-x86_64"
url_api = "https://api.github.com/repos/Y2Z/monolith/releases/assets/241974472"

[tools."github:Y2Z/monolith"."platforms.linux-x64-musl"]
url = "https://github.com/Y2Z/monolith/releases/download/v2.10.1/monolith-gnu-linux-x86_64"
url_api = "https://api.github.com/repos/Y2Z/monolith/releases/assets/241974472"

[[tools."github:bahdotsh/wrkflw"]]
version = "0.8.0"
backend = "github:bahdotsh/wrkflw"
specifiers = ["latest"]

[tools."github:bahdotsh/wrkflw"."platforms.linux-x64"]
checksum = "sha256:d7140aa917da5bb13a2f27eab6c592bb019cbe4977e14390d579992087a6a902"
url = "https://github.com/bahdotsh/wrkflw/releases/download/v0.8.0/wrkflw-x86_64-unknown-linux-gnu.tar.gz"
url_api = "https://api.github.com/repos/bahdotsh/wrkflw/releases/assets/401841586"

[tools."github:bahdotsh/wrkflw"."platforms.linux-x64-musl"]
checksum = "sha256:7606fecdc6816f8d1503929f41f1a9d57b25362b13193aaef2732df061a4de30"
url = "https://github.com/bahdotsh/wrkflw/releases/download/v0.8.0/wrkflw-x86_64-unknown-linux-musl.tar.gz"
url_api = "https://api.github.com/repos/bahdotsh/wrkflw/releases/assets/401841582"

[[tools."github:latex-lsp/texlab"]]
version = "5.26.0"
backend = "github:latex-lsp/texlab"
specifiers = ["latest"]

[tools."github:latex-lsp/texlab"."platforms.linux-x64"]
checksum = "sha256:8697bd5e479d4584b14b7eed5c320c80ec4e1d91ebefbb6801e6bf38e9971300"
url = "https://github.com/latex-lsp/texlab/releases/download/v5.26.0/texlab-x86_64-linux.tar.gz"
url_api = "https://api.github.com/repos/latex-lsp/texlab/releases/assets/457926494"

[tools."github:latex-lsp/texlab"."platforms.linux-x64-musl"]
checksum = "sha256:8697bd5e479d4584b14b7eed5c320c80ec4e1d91ebefbb6801e6bf38e9971300"
url = "https://github.com/latex-lsp/texlab/releases/download/v5.26.0/texlab-x86_64-linux.tar.gz"
url_api = "https://api.github.com/repos/latex-lsp/texlab/releases/assets/457926494"

[[tools."github:mroboff/vm-curator"]]
version = "1.4.0"
backend = "github:mroboff/vm-curator"
specifiers = ["latest"]

[tools."github:mroboff/vm-curator"."platforms.linux-x64"]
checksum = "sha256:783e94d992029c56eb340f4fd43536441e441bb5bd6076b325eef75e44a339b7"
url = "https://github.com/mroboff/vm-curator/releases/download/v1.4.0/vm-curator-v1.4.0-linux-x86_64.tar.gz"
url_api = "https://api.github.com/repos/mroboff/vm-curator/releases/assets/510544072"
provenance = "github-attestations"
provenance_verified = true

[tools."github:mroboff/vm-curator"."platforms.linux-x64-musl"]
checksum = "sha256:783e94d992029c56eb340f4fd43536441e441bb5bd6076b325eef75e44a339b7"
url = "https://github.com/mroboff/vm-curator/releases/download/v1.4.0/vm-curator-v1.4.0-linux-x86_64.tar.gz"
url_api = "https://api.github.com/repos/mroboff/vm-curator/releases/assets/510544072"
provenance = "github-attestations"

[[tools."github:rogue-sly/dotbee"]]
version = "0.9.0"
backend = "github:rogue-sly/dotbee"
specifiers = ["latest"]

[tools."github:rogue-sly/dotbee"."platforms.linux-x64"]
checksum = "sha256:ae3a257697a91e3bc19d3f50ae9df85abd1076be9d728ea78ec5f178098343bf"
url = "https://github.com/rogue-sly/dotbee/releases/download/v0.9.0/dotbee-linux-x86_64"
url_api = "https://api.github.com/repos/rogue-sly/dotbee/releases/assets/524342126"

[tools."github:rogue-sly/dotbee"."platforms.linux-x64-musl"]
checksum = "sha256:28e19fccec5c8840cd091f8245488c02c35ffb2e6a0c1eb214a6e2ea76b81d82"
url = "https://github.com/rogue-sly/dotbee/releases/download/v0.9.0/dotbee-linux-x86_64-musl"
url_api = "https://api.github.com/repos/rogue-sly/dotbee/releases/assets/524342136"

[[tools."github:scipenai/tylax"]]
version = "0.3.7"
backend = "github:scipenai/tylax"
specifiers = ["latest"]

[tools."github:scipenai/tylax"."platforms.linux-x64"]
checksum = "sha256:507308f22be4e5d4dc164d9b6a7939c125083673454e6e0841560d3f898984ed"
url = "https://github.com/scipenai/tylax/releases/download/v0.3.7/t2l-v0.3.7-x86_64-unknown-linux-gnu.tar.gz"
url_api = "https://api.github.com/repos/scipenai/tylax/releases/assets/481216119"

[tools."github:scipenai/tylax"."platforms.linux-x64-musl"]
checksum = "sha256:507308f22be4e5d4dc164d9b6a7939c125083673454e6e0841560d3f898984ed"
url = "https://github.com/scipenai/tylax/releases/download/v0.3.7/t2l-v0.3.7-x86_64-unknown-linux-gnu.tar.gz"
url_api = "https://api.github.com/repos/scipenai/tylax/releases/assets/481216119"

[[tools."github:zk-org/zk"]]
version = "0.15.6"
backend = "github:zk-org/zk"
specifiers = ["latest"]

[tools."github:zk-org/zk"."platforms.linux-x64"]
checksum = "sha256:50b2f0a8c533d607e5a8a1f478fe78d5585317178bd86456659c049965a8945d"
url = "https://github.com/zk-org/zk/releases/download/v0.15.6/zk-v0.15.6-linux-amd64.tar.gz"
url_api = "https://api.github.com/repos/zk-org/zk/releases/assets/490446227"

[tools."github:zk-org/zk"."platforms.linux-x64-musl"]
checksum = "sha256:50b2f0a8c533d607e5a8a1f478fe78d5585317178bd86456659c049965a8945d"
url = "https://github.com/zk-org/zk/releases/download/v0.15.6/zk-v0.15.6-linux-amd64.tar.gz"
url_api = "https://api.github.com/repos/zk-org/zk/releases/assets/490446227"

[[tools.lefthook]]
version = "2.1.12"
backend = "aqua:evilmartians/lefthook"
specifiers = ["latest"]

[tools.lefthook."platforms.linux-x64"]
checksum = "sha256:dad908593c859d139b886c14913a44401d95288aa7642d9bdf6f3bd36bd788ff"
url = "https://github.com/evilmartians/lefthook/releases/download/v2.1.12/lefthook_2.1.12_Linux_x86_64.gz"
url_api = "https://api.github.com/repos/evilmartians/lefthook/releases/assets/533627780"
provenance = "github-attestations"

[tools.lefthook."platforms.linux-x64-musl"]
checksum = "sha256:dad908593c859d139b886c14913a44401d95288aa7642d9bdf6f3bd36bd788ff"
url = "https://github.com/evilmartians/lefthook/releases/download/v2.1.12/lefthook_2.1.12_Linux_x86_64.gz"
url_api = "https://api.github.com/repos/evilmartians/lefthook/releases/assets/533627780"
provenance = "github-attestations"

[[tools.lua-language-server]]
version = "3.19.1"
backend = "aqua:LuaLS/lua-language-server"
specifiers = ["latest"]

[tools.lua-language-server."platforms.linux-x64"]
checksum = "sha256:e9235d2d72ef55bc41cf8c99cda2ed64777682024b4bb81f5dea425060c5cbb8"
url = "https://github.com/LuaLS/lua-language-server/releases/download/3.19.1/lua-language-server-3.19.1-linux-x64.tar.gz"
url_api = "https://api.github.com/repos/LuaLS/lua-language-server/releases/assets/513572259"

[tools.lua-language-server."platforms.linux-x64-musl"]
checksum = "sha256:e9235d2d72ef55bc41cf8c99cda2ed64777682024b4bb81f5dea425060c5cbb8"
url = "https://github.com/LuaLS/lua-language-server/releases/download/3.19.1/lua-language-server-3.19.1-linux-x64.tar.gz"
url_api = "https://api.github.com/repos/LuaLS/lua-language-server/releases/assets/513572259"

[[tools."npm:@vtsls/language-server"]]
version = "0.3.0"
backend = "npm:@vtsls/language-server"
specifiers = ["latest"]

[[tools.oxfmt]]
version = "0.65.0"
backend = "npm:oxfmt"
specifiers = ["latest"]

[[tools.slint-lsp]]
version = "1.17.1"
backend = "github:slint-ui/slint"
specifiers = ["latest"]

[tools.slint-lsp.options]
asset_pattern = "slint-lsp-linux*"

[tools.slint-lsp."platforms.linux-x64"]
checksum = "sha256:6f363163c4deafea085191c2c3cb80d8af8a71510370dac6a1dca21177b571fa"
url = "https://github.com/slint-ui/slint/releases/download/v1.17.1/slint-lsp-linux.tar.gz"
url_api = "https://api.github.com/repos/slint-ui/slint/releases/assets/468912271"

[tools.slint-lsp."platforms.linux-x64-musl"]
checksum = "sha256:6f363163c4deafea085191c2c3cb80d8af8a71510370dac6a1dca21177b571fa"
url = "https://github.com/slint-ui/slint/releases/download/v1.17.1/slint-lsp-linux.tar.gz"
url_api = "https://api.github.com/repos/slint-ui/slint/releases/assets/468912271"

[[tools.slint-viewer]]
version = "1.17.1"
backend = "github:slint-ui/slint"
specifiers = ["latest"]

[tools.slint-viewer.options]
asset_pattern = "slint-viewer-linux*"

[tools.slint-viewer."platforms.linux-x64"]
checksum = "sha256:79d1d1121d12b2933e1aa714881d17e163b18f81930e87379ac4ef302eaac4b7"
url = "https://github.com/slint-ui/slint/releases/download/v1.17.1/slint-viewer-linux.tar.gz"
url_api = "https://api.github.com/repos/slint-ui/slint/releases/assets/468912096"

[tools.slint-viewer."platforms.linux-x64-musl"]
checksum = "sha256:79d1d1121d12b2933e1aa714881d17e163b18f81930e87379ac4ef302eaac4b7"
url = "https://github.com/slint-ui/slint/releases/download/v1.17.1/slint-viewer-linux.tar.gz"
url_api = "https://api.github.com/repos/slint-ui/slint/releases/assets/468912096"

[[tools.stylua]]
version = "2.5.2"
backend = "aqua:JohnnyMorganz/StyLua"
specifiers = ["latest"]

[tools.stylua."platforms.linux-x64"]
checksum = "sha256:ca6f1cf52eaf69e6632b81acef9c197aa24b85eb30d2455a35e7dbe28ae77c72"
url = "https://github.com/JohnnyMorganz/StyLua/releases/download/v2.5.2/stylua-linux-x86_64-musl.zip"
url_api = "https://api.github.com/repos/JohnnyMorganz/StyLua/releases/assets/421901066"

[tools.stylua."platforms.linux-x64-musl"]
checksum = "sha256:ca6f1cf52eaf69e6632b81acef9c197aa24b85eb30d2455a35e7dbe28ae77c72"
url = "https://github.com/JohnnyMorganz/StyLua/releases/download/v2.5.2/stylua-linux-x86_64-musl.zip"
url_api = "https://api.github.com/repos/JohnnyMorganz/StyLua/releases/assets/421901066"

[[tools.tinymist]]
version = "0.15.2"
backend = "aqua:Myriad-Dreamin/tinymist"
specifiers = ["latest"]

[tools.tinymist."platforms.linux-x64"]
checksum = "sha256:f5e275c6289a5c4b45ca211abde329dd662b03f2c4aca2299d6c154b81135684"
url = "https://github.com/Myriad-Dreamin/tinymist/releases/download/v0.15.2/tinymist-linux-x64"
url_api = "https://api.github.com/repos/Myriad-Dreamin/tinymist/releases/assets/454537259"

[tools.tinymist."platforms.linux-x64-musl"]
checksum = "sha256:f5e275c6289a5c4b45ca211abde329dd662b03f2c4aca2299d6c154b81135684"
url = "https://github.com/Myriad-Dreamin/tinymist/releases/download/v0.15.2/tinymist-linux-x64"
url_api = "https://api.github.com/repos/Myriad-Dreamin/tinymist/releases/assets/454537259"

[[tools.tombi]]
version = "1.4.1"
backend = "aqua:tombi-toml/tombi"
specifiers = ["latest"]

[tools.tombi."platforms.linux-x64"]
checksum = "sha256:9aa69eb3e75a4a22a961b8a1c8cc44e4f81328ce25ad5b10d151be1a09faa88d"
url = "https://github.com/tombi-toml/tombi/releases/download/v1.4.1/tombi-cli-1.4.1-x86_64-unknown-linux-musl.tar.gz"
url_api = "https://api.github.com/repos/tombi-toml/tombi/releases/assets/525196366"
provenance = "github-attestations"

[tools.tombi."platforms.linux-x64-musl"]
checksum = "sha256:9aa69eb3e75a4a22a961b8a1c8cc44e4f81328ce25ad5b10d151be1a09faa88d"
url = "https://github.com/tombi-toml/tombi/releases/download/v1.4.1/tombi-cli-1.4.1-x86_64-unknown-linux-musl.tar.gz"
url_api = "https://api.github.com/repos/tombi-toml/tombi/releases/assets/525196366"
provenance = "github-attestations"
