# @generated - this file is auto-generated by `mise lock` https://mise.en.dev/dev-tools/mise-lock.html

[[tools.cargo-binstall]]
version = "1.21.1"
backend = "aqua:cargo-bins/cargo-binstall"

[[tools."cargo:neocmakelsp"]]
version = "0.11.0"
backend = "cargo:neocmakelsp"

[[tools."dotnet:roslyn-language-server"]]
version = "5.11.0-1.26380.4"
backend = "dotnet:roslyn-language-server"

[[tools.gh]]
version = "2.97.0"
backend = "aqua:cli/cli"

[[tools.git-cliff]]
version = "2.13.1"
backend = "aqua:orhun/git-cliff"

[tools.git-cliff."platforms.linux-arm64"]
checksum = "sha256:4054c124b926c117f3fa048939bc8be0a954f29f3b6f367627e8cb22c1971882"
url = "https://github.com/orhun/git-cliff/releases/download/v2.13.1/git-cliff-2.13.1-aarch64-unknown-linux-musl.tar.gz"
url_api = "https://api.github.com/repos/orhun/git-cliff/releases/assets/405850720"

[tools.git-cliff."platforms.linux-arm64-musl"]
checksum = "sha256:4054c124b926c117f3fa048939bc8be0a954f29f3b6f367627e8cb22c1971882"
url = "https://github.com/orhun/git-cliff/releases/download/v2.13.1/git-cliff-2.13.1-aarch64-unknown-linux-musl.tar.gz"
url_api = "https://api.github.com/repos/orhun/git-cliff/releases/assets/405850720"

[tools.git-cliff."platforms.linux-x64"]
checksum = "sha256:200d2535da6d9703f3bcc8a4d159c3b55eacdb01cf2148c55b3eee9dd04d5249"
url = "https://github.com/orhun/git-cliff/releases/download/v2.13.1/git-cliff-2.13.1-x86_64-unknown-linux-musl.tar.gz"
url_api = "https://api.github.com/repos/orhun/git-cliff/releases/assets/405850671"

[tools.git-cliff."platforms.linux-x64-musl"]
checksum = "sha256:200d2535da6d9703f3bcc8a4d159c3b55eacdb01cf2148c55b3eee9dd04d5249"
url = "https://github.com/orhun/git-cliff/releases/download/v2.13.1/git-cliff-2.13.1-x86_64-unknown-linux-musl.tar.gz"
url_api = "https://api.github.com/repos/orhun/git-cliff/releases/assets/405850671"

[tools.git-cliff."platforms.macos-arm64"]
checksum = "sha256:21547ae4a0421164070ab75c2522864ea5565858a011fabc5f583061b20f1226"
url = "https://github.com/orhun/git-cliff/releases/download/v2.13.1/git-cliff-2.13.1-aarch64-apple-darwin.tar.gz"
url_api = "https://api.github.com/repos/orhun/git-cliff/releases/assets/405849885"

[tools.git-cliff."platforms.macos-x64"]
checksum = "sha256:6e60ae390d375cecb9d8008c49f0e724a8dfe40390b532ef5501e421d2cc8acb"
url = "https://github.com/orhun/git-cliff/releases/download/v2.13.1/git-cliff-2.13.1-x86_64-apple-darwin.tar.gz"
url_api = "https://api.github.com/repos/orhun/git-cliff/releases/assets/405850193"

[tools.git-cliff."platforms.windows-x64"]
checksum = "sha256:3ae3a5549e85c7ad5b20192ebcfee4371269deca51255f6f2f2e051c6541f5ca"
url = "https://github.com/orhun/git-cliff/releases/download/v2.13.1/git-cliff-2.13.1-x86_64-pc-windows-msvc.zip"
url_api = "https://api.github.com/repos/orhun/git-cliff/releases/assets/405851866"

[[tools."github:DanielGavin/ols"]]
version = "dev-2026-06"
backend = "github:DanielGavin/ols"

[[tools."github:JCWasmx86/MesonLSP"]]
version = "5.0.4"
backend = "github:JCWasmx86/MesonLSP"

[tools."github:JCWasmx86/MesonLSP"."platforms.linux-arm64"]
checksum = "sha256:7d48ca5a45e8e2bb7fd7cd5b752e880934df61d41c6d606f38c88997ac83b156"
url = "https://github.com/JCWasmx86/mesonlsp/releases/download/v5.0.4/mesonlsp-aarch64-unknown-linux-musl.zip"
url_api = "https://api.github.com/repos/JCWasmx86/mesonlsp/releases/assets/507474071"

[tools."github:JCWasmx86/MesonLSP"."platforms.linux-arm64-musl"]
checksum = "sha256:7d48ca5a45e8e2bb7fd7cd5b752e880934df61d41c6d606f38c88997ac83b156"
url = "https://github.com/JCWasmx86/mesonlsp/releases/download/v5.0.4/mesonlsp-aarch64-unknown-linux-musl.zip"
url_api = "https://api.github.com/repos/JCWasmx86/mesonlsp/releases/assets/507474071"

[tools."github:JCWasmx86/MesonLSP"."platforms.linux-x64"]
checksum = "sha256:e6e604773eb40adee31c48a6c00333c1baaba4468acbc18d285da9caef7ac094"
url = "https://github.com/JCWasmx86/mesonlsp/releases/download/v5.0.4/mesonlsp-x86_64-unknown-linux-musl.zip"
url_api = "https://api.github.com/repos/JCWasmx86/mesonlsp/releases/assets/507312509"

[tools."github:JCWasmx86/MesonLSP"."platforms.linux-x64-musl"]
checksum = "sha256:e6e604773eb40adee31c48a6c00333c1baaba4468acbc18d285da9caef7ac094"
url = "https://github.com/JCWasmx86/mesonlsp/releases/download/v5.0.4/mesonlsp-x86_64-unknown-linux-musl.zip"
url_api = "https://api.github.com/repos/JCWasmx86/mesonlsp/releases/assets/507312509"

[tools."github:JCWasmx86/MesonLSP"."platforms.macos-arm64"]
checksum = "sha256:c4681182352f863a270c51f0af1e06badb87c774808d19e1c2140846206b2b8f"
url = "https://github.com/JCWasmx86/mesonlsp/releases/download/v5.0.4/mesonlsp-aarch64-apple-darwin.zip"
url_api = "https://api.github.com/repos/JCWasmx86/mesonlsp/releases/assets/507300137"

[tools."github:JCWasmx86/MesonLSP"."platforms.macos-x64"]
checksum = "sha256:a7c30b971adbb58b423bc8b87c595c5916427a3d4ffd5fa9ec446dba2ddb4a0c"
url = "https://github.com/JCWasmx86/mesonlsp/releases/download/v5.0.4/mesonlsp-x86_64-apple-darwin.zip"
url_api = "https://api.github.com/repos/JCWasmx86/mesonlsp/releases/assets/507312431"

[tools."github:JCWasmx86/MesonLSP"."platforms.windows-x64"]
checksum = "sha256:cbd46fa9efcff208e833b81fd651a6ac2424c472c858cf8640f5ac2f161eca23"
url = "https://github.com/JCWasmx86/mesonlsp/releases/download/v5.0.4/mesonlsp-x86_64-pc-windows-gnu.zip"
url_api = "https://api.github.com/repos/JCWasmx86/mesonlsp/releases/assets/507314068"

[[tools."github:RivoLink/leaf"]]
version = "1.28.0"
backend = "github:RivoLink/leaf"

[tools."github:RivoLink/leaf"."platforms.linux-arm64"]
checksum = "sha256:e95a16fc284b2f42b1918fdfbdbd9b4528e7f64c2c118d061c71c3f9c3fdf271"
url = "https://github.com/RivoLink/leaf/releases/download/1.28.0/leaf-linux-arm64"
url_api = "https://api.github.com/repos/RivoLink/leaf/releases/assets/517256711"

[tools."github:RivoLink/leaf"."platforms.linux-arm64-musl"]
checksum = "sha256:e95a16fc284b2f42b1918fdfbdbd9b4528e7f64c2c118d061c71c3f9c3fdf271"
url = "https://github.com/RivoLink/leaf/releases/download/1.28.0/leaf-linux-arm64"
url_api = "https://api.github.com/repos/RivoLink/leaf/releases/assets/517256711"

[tools."github:RivoLink/leaf"."platforms.linux-x64"]
checksum = "sha256:75ae19911daca4041a32aa9282e5ae7e51f6d4c6e6ceed1e59fc40879e00825c"
url = "https://github.com/RivoLink/leaf/releases/download/1.28.0/leaf-linux-x86_64"
url_api = "https://api.github.com/repos/RivoLink/leaf/releases/assets/517256707"

[tools."github:RivoLink/leaf"."platforms.linux-x64-musl"]
checksum = "sha256:75ae19911daca4041a32aa9282e5ae7e51f6d4c6e6ceed1e59fc40879e00825c"
url = "https://github.com/RivoLink/leaf/releases/download/1.28.0/leaf-linux-x86_64"
url_api = "https://api.github.com/repos/RivoLink/leaf/releases/assets/517256707"

[tools."github:RivoLink/leaf"."platforms.macos-arm64"]
checksum = "sha256:00039126a37a4b20a3ad56d60e207df8acd09369240de2a2d21f83447b7b42de"
url = "https://github.com/RivoLink/leaf/releases/download/1.28.0/leaf-macos-arm64"
url_api = "https://api.github.com/repos/RivoLink/leaf/releases/assets/517256710"

[tools."github:RivoLink/leaf"."platforms.macos-x64"]
checksum = "sha256:c17a5ca4acb44feb2efc221bff933de2bc32cd2bd2cacb7f5976d96cf4063e64"
url = "https://github.com/RivoLink/leaf/releases/download/1.28.0/leaf-macos-x86_64"
url_api = "https://api.github.com/repos/RivoLink/leaf/releases/assets/517256715"

[tools."github:RivoLink/leaf"."platforms.windows-x64"]
checksum = "sha256:32db587c6861622fed9d6d8c040de098fce1fa4b29c1a3c719a82edf76e8eef7"
url = "https://github.com/RivoLink/leaf/releases/download/1.28.0/leaf-windows-x86_64.exe"
url_api = "https://api.github.com/repos/RivoLink/leaf/releases/assets/517256722"

[[tools."github:Y2Z/monolith"]]
version = "2.10.1"
backend = "github:Y2Z/monolith"

[tools."github:Y2Z/monolith"."platforms.linux-arm64"]
url = "https://github.com/Y2Z/monolith/releases/download/v2.10.1/monolith-gnu-linux-aarch64"
url_api = "https://api.github.com/repos/Y2Z/monolith/releases/assets/241974417"

[tools."github:Y2Z/monolith"."platforms.linux-arm64-musl"]
url = "https://github.com/Y2Z/monolith/releases/download/v2.10.1/monolith-gnu-linux-aarch64"
url_api = "https://api.github.com/repos/Y2Z/monolith/releases/assets/241974417"

[tools."github:Y2Z/monolith"."platforms.linux-x64"]
url = "https://github.com/Y2Z/monolith/releases/download/v2.10.1/monolith-gnu-linux-x86_64"
url_api = "https://api.github.com/repos/Y2Z/monolith/releases/assets/241974472"

[tools."github:Y2Z/monolith"."platforms.linux-x64-musl"]
url = "https://github.com/Y2Z/monolith/releases/download/v2.10.1/monolith-gnu-linux-x86_64"
url_api = "https://api.github.com/repos/Y2Z/monolith/releases/assets/241974472"

[tools."github:Y2Z/monolith"."platforms.windows-x64"]
url = "https://github.com/Y2Z/monolith/releases/download/v2.10.1/monolith.exe"
url_api = "https://api.github.com/repos/Y2Z/monolith/releases/assets/241975750"

[[tools."github:bahdotsh/wrkflw"]]
version = "0.8.0"
backend = "github:bahdotsh/wrkflw"

[tools."github:bahdotsh/wrkflw"."platforms.linux-arm64"]
checksum = "sha256:44b9d02e3624aa808dfab22bbcc12f65564079e30bc5b7d82a3f32e1f0830234"
url = "https://github.com/bahdotsh/wrkflw/releases/download/v0.8.0/wrkflw-aarch64-unknown-linux-gnu.tar.gz"
url_api = "https://api.github.com/repos/bahdotsh/wrkflw/releases/assets/401841584"

[tools."github:bahdotsh/wrkflw"."platforms.linux-arm64-musl"]
checksum = "sha256:44b9d02e3624aa808dfab22bbcc12f65564079e30bc5b7d82a3f32e1f0830234"
url = "https://github.com/bahdotsh/wrkflw/releases/download/v0.8.0/wrkflw-aarch64-unknown-linux-gnu.tar.gz"
url_api = "https://api.github.com/repos/bahdotsh/wrkflw/releases/assets/401841584"

[tools."github:bahdotsh/wrkflw"."platforms.linux-x64"]
checksum = "sha256:d7140aa917da5bb13a2f27eab6c592bb019cbe4977e14390d579992087a6a902"
url = "https://github.com/bahdotsh/wrkflw/releases/download/v0.8.0/wrkflw-x86_64-unknown-linux-gnu.tar.gz"
url_api = "https://api.github.com/repos/bahdotsh/wrkflw/releases/assets/401841586"

[tools."github:bahdotsh/wrkflw"."platforms.linux-x64-musl"]
checksum = "sha256:7606fecdc6816f8d1503929f41f1a9d57b25362b13193aaef2732df061a4de30"
url = "https://github.com/bahdotsh/wrkflw/releases/download/v0.8.0/wrkflw-x86_64-unknown-linux-musl.tar.gz"
url_api = "https://api.github.com/repos/bahdotsh/wrkflw/releases/assets/401841582"

[tools."github:bahdotsh/wrkflw"."platforms.macos-arm64"]
checksum = "sha256:119932dc5c27e146a9ca88247a600a20054b7a243f790615057c81b5aca2bc78"
url = "https://github.com/bahdotsh/wrkflw/releases/download/v0.8.0/wrkflw-aarch64-apple-darwin.tar.gz"
url_api = "https://api.github.com/repos/bahdotsh/wrkflw/releases/assets/401841585"

[tools."github:bahdotsh/wrkflw"."platforms.macos-x64"]
checksum = "sha256:a7b9603c09932f3cc783cb529b18a98cc323069e34db6e897dac011266fbb982"
url = "https://github.com/bahdotsh/wrkflw/releases/download/v0.8.0/wrkflw-x86_64-apple-darwin.tar.gz"
url_api = "https://api.github.com/repos/bahdotsh/wrkflw/releases/assets/401841587"

[tools."github:bahdotsh/wrkflw"."platforms.windows-x64"]
checksum = "sha256:4ef968a5164402dd8284fe250a363a0a6d2e66e6c1b34f7e27b4b71a2554f369"
url = "https://github.com/bahdotsh/wrkflw/releases/download/v0.8.0/wrkflw-x86_64-pc-windows-msvc.zip"
url_api = "https://api.github.com/repos/bahdotsh/wrkflw/releases/assets/401841588"

[[tools."github:ewhauser/shuck"]]
version = "0.1.1"
backend = "github:ewhauser/shuck"

[tools."github:ewhauser/shuck"."platforms.linux-arm64"]
checksum = "sha256:9e661f145da4ffe6685b492acd780bb6fc3e392ed3c8c44c1346ebe095feb6d8"
url = "https://github.com/ewhauser/shuck/releases/download/v0.1.1/shuck-cli-aarch64-unknown-linux-gnu.tar.xz"
url_api = "https://api.github.com/repos/ewhauser/shuck/releases/assets/500074516"
provenance = "github-attestations"

[tools."github:ewhauser/shuck"."platforms.linux-arm64-musl"]
checksum = "sha256:7f3e30f0b9ae6d1b0dbf5e6ab7532b4729b24b13b7bb9908eadad145a5172971"
url = "https://github.com/ewhauser/shuck/releases/download/v0.1.1/shuck-cli-aarch64-unknown-linux-musl.tar.xz"
url_api = "https://api.github.com/repos/ewhauser/shuck/releases/assets/500074526"
provenance = "github-attestations"

[tools."github:ewhauser/shuck"."platforms.linux-x64"]
checksum = "sha256:f65bf47435af0e04bd4ab19e15ddbf16e413f69a4b8e4addbf97464720700dbf"
url = "https://github.com/ewhauser/shuck/releases/download/v0.1.1/shuck-cli-x86_64-unknown-linux-gnu.tar.xz"
url_api = "https://api.github.com/repos/ewhauser/shuck/releases/assets/500074538"
provenance = "github-attestations"
provenance_verified = true

[tools."github:ewhauser/shuck"."platforms.linux-x64-musl"]
checksum = "sha256:381ad19491c4d48c26f48f12e8b007443254900c3be7df97c53a5fa03a6bd9b1"
url = "https://github.com/ewhauser/shuck/releases/download/v0.1.1/shuck-cli-x86_64-unknown-linux-musl.tar.xz"
url_api = "https://api.github.com/repos/ewhauser/shuck/releases/assets/500074550"
provenance = "github-attestations"

[tools."github:ewhauser/shuck"."platforms.macos-arm64"]
checksum = "sha256:6aee39e7069c4212c87fc36fcff53cf5b204a906dc8d6db42b264c30c4335364"
url = "https://github.com/ewhauser/shuck/releases/download/v0.1.1/shuck-cli-aarch64-apple-darwin.tar.xz"
url_api = "https://api.github.com/repos/ewhauser/shuck/releases/assets/500074511"
provenance = "github-attestations"

[tools."github:ewhauser/shuck"."platforms.macos-x64"]
checksum = "sha256:2a08aa99fa47a4c8f0caa8c5c9f6f731fda5a3ff8e7e7e5a7c45e610599ceec9"
url = "https://github.com/ewhauser/shuck/releases/download/v0.1.1/source.tar.gz"
url_api = "https://api.github.com/repos/ewhauser/shuck/releases/assets/500074565"
provenance = "github-attestations"

[tools."github:ewhauser/shuck"."platforms.windows-x64"]
checksum = "sha256:d361a2ed117e836aee4ce157b0fdcc1ec93677349dbf8a6d001986ed5cc27fa3"
url = "https://github.com/ewhauser/shuck/releases/download/v0.1.1/shuck-cli-x86_64-pc-windows-msvc.zip"
url_api = "https://api.github.com/repos/ewhauser/shuck/releases/assets/500074532"
provenance = "github-attestations"

[[tools."github:latex-lsp/texlab"]]
version = "5.26.0"
backend = "github:latex-lsp/texlab"

[tools."github:latex-lsp/texlab"."platforms.linux-arm64"]
checksum = "sha256:a85cdfcd22454b8d8550f4b0f0620c45ab51760f302fac7a12bc18a890f70f8c"
url = "https://github.com/latex-lsp/texlab/releases/download/v5.26.0/texlab-aarch64-linux.tar.gz"
url_api = "https://api.github.com/repos/latex-lsp/texlab/releases/assets/457926495"

[tools."github:latex-lsp/texlab"."platforms.linux-arm64-musl"]
checksum = "sha256:a85cdfcd22454b8d8550f4b0f0620c45ab51760f302fac7a12bc18a890f70f8c"
url = "https://github.com/latex-lsp/texlab/releases/download/v5.26.0/texlab-aarch64-linux.tar.gz"
url_api = "https://api.github.com/repos/latex-lsp/texlab/releases/assets/457926495"

[tools."github:latex-lsp/texlab"."platforms.linux-x64"]
checksum = "sha256:8697bd5e479d4584b14b7eed5c320c80ec4e1d91ebefbb6801e6bf38e9971300"
url = "https://github.com/latex-lsp/texlab/releases/download/v5.26.0/texlab-x86_64-linux.tar.gz"
url_api = "https://api.github.com/repos/latex-lsp/texlab/releases/assets/457926494"

[tools."github:latex-lsp/texlab"."platforms.linux-x64-musl"]
checksum = "sha256:8697bd5e479d4584b14b7eed5c320c80ec4e1d91ebefbb6801e6bf38e9971300"
url = "https://github.com/latex-lsp/texlab/releases/download/v5.26.0/texlab-x86_64-linux.tar.gz"
url_api = "https://api.github.com/repos/latex-lsp/texlab/releases/assets/457926494"

[tools."github:latex-lsp/texlab"."platforms.macos-arm64"]
checksum = "sha256:af7972ffd230711ba04ada9b69cc32ce9111d9196ba69538062872faefdbee56"
url = "https://github.com/latex-lsp/texlab/releases/download/v5.26.0/texlab-aarch64-macos.tar.gz"
url_api = "https://api.github.com/repos/latex-lsp/texlab/releases/assets/457926493"

[tools."github:latex-lsp/texlab"."platforms.macos-x64"]
checksum = "sha256:6091611f756b28e1a57612b130c196df4b0bb6e22dde5cf5d890578513397daf"
url = "https://github.com/latex-lsp/texlab/releases/download/v5.26.0/texlab-x86_64-macos.tar.gz"
url_api = "https://api.github.com/repos/latex-lsp/texlab/releases/assets/457926497"

[tools."github:latex-lsp/texlab"."platforms.windows-x64"]
checksum = "sha256:cb028d44c3d2b85d36a2ed52d41a0ff43a341b1f04c500c56c4524c4eb72b316"
url = "https://github.com/latex-lsp/texlab/releases/download/v5.26.0/texlab-x86_64-windows.zip"
url_api = "https://api.github.com/repos/latex-lsp/texlab/releases/assets/457926468"

[[tools."github:mroboff/vm-curator"]]
version = "1.4.0"
backend = "github:mroboff/vm-curator"

[tools."github:mroboff/vm-curator"."platforms.linux-x64"]
checksum = "sha256:783e94d992029c56eb340f4fd43536441e441bb5bd6076b325eef75e44a339b7"
url = "https://github.com/mroboff/vm-curator/releases/download/v1.4.0/vm-curator-v1.4.0-linux-x86_64.tar.gz"
url_api = "https://api.github.com/repos/mroboff/vm-curator/releases/assets/510544072"
provenance = "github-attestations"
provenance_verified = true

[tools."github:mroboff/vm-curator"."platforms.linux-x64-musl"]
checksum = "sha256:783e94d992029c56eb340f4fd43536441e441bb5bd6076b325eef75e44a339b7"
url = "https://github.com/mroboff/vm-curator/releases/download/v1.4.0/vm-curator-v1.4.0-linux-x86_64.tar.gz"
url_api = "https://api.github.com/repos/mroboff/vm-curator/releases/assets/510544072"
provenance = "github-attestations"

[tools."github:mroboff/vm-curator"."platforms.macos-x64"]
checksum = "sha256:3c8b7bd29f2c0c0c83cf3e5cd8e5cdc918125231486f3fadee3a0d5023d9cefe"
url = "https://github.com/mroboff/vm-curator/releases/download/v1.4.0/vm-curator-v1.4.0-x86_64.AppImage"
url_api = "https://api.github.com/repos/mroboff/vm-curator/releases/assets/510544070"
provenance = "github-attestations"

[tools."github:mroboff/vm-curator"."platforms.windows-x64"]
checksum = "sha256:3c8b7bd29f2c0c0c83cf3e5cd8e5cdc918125231486f3fadee3a0d5023d9cefe"
url = "https://github.com/mroboff/vm-curator/releases/download/v1.4.0/vm-curator-v1.4.0-x86_64.AppImage"
url_api = "https://api.github.com/repos/mroboff/vm-curator/releases/assets/510544070"
provenance = "github-attestations"

[[tools."github:rogue-sly/dotbee"]]
version = "0.9.0"
backend = "github:rogue-sly/dotbee"

[tools."github:rogue-sly/dotbee"."platforms.linux-arm64"]
checksum = "sha256:a176242816f3c0ae21cd0e1ff00dc42e2af00cd96fc5b2d6e8639d4152431268"
url = "https://github.com/rogue-sly/dotbee/releases/download/v0.9.0/dotbee-linux-arm64"
url_api = "https://api.github.com/repos/rogue-sly/dotbee/releases/assets/524342135"

[tools."github:rogue-sly/dotbee"."platforms.linux-arm64-musl"]
checksum = "sha256:51afd9d1e5c471f43c17cb2921ba5db7486a8d55c0987ed6e1f740721a471b4a"
url = "https://github.com/rogue-sly/dotbee/releases/download/v0.9.0/dotbee-linux-arm64-musl"
url_api = "https://api.github.com/repos/rogue-sly/dotbee/releases/assets/524342125"

[tools."github:rogue-sly/dotbee"."platforms.linux-x64"]
checksum = "sha256:ae3a257697a91e3bc19d3f50ae9df85abd1076be9d728ea78ec5f178098343bf"
url = "https://github.com/rogue-sly/dotbee/releases/download/v0.9.0/dotbee-linux-x86_64"
url_api = "https://api.github.com/repos/rogue-sly/dotbee/releases/assets/524342126"

[tools."github:rogue-sly/dotbee"."platforms.linux-x64-musl"]
checksum = "sha256:28e19fccec5c8840cd091f8245488c02c35ffb2e6a0c1eb214a6e2ea76b81d82"
url = "https://github.com/rogue-sly/dotbee/releases/download/v0.9.0/dotbee-linux-x86_64-musl"
url_api = "https://api.github.com/repos/rogue-sly/dotbee/releases/assets/524342136"

[tools."github:rogue-sly/dotbee"."platforms.macos-arm64"]
checksum = "sha256:d8126e5f54e1eef9778305e752afd2ccf99cbefab55cf7d0b9abaa2783c80475"
url = "https://github.com/rogue-sly/dotbee/releases/download/v0.9.0/dotbee-macos-arm64"
url_api = "https://api.github.com/repos/rogue-sly/dotbee/releases/assets/524342296"

[tools."github:rogue-sly/dotbee"."platforms.macos-x64"]
checksum = "sha256:74494b563380750eafe006dbd37f38a22054c975f4676bf14c9973abc9c5004d"
url = "https://github.com/rogue-sly/dotbee/releases/download/v0.9.0/dotbee-macos-x86_64"
url_api = "https://api.github.com/repos/rogue-sly/dotbee/releases/assets/524342319"

[[tools."github:scipenai/tylax"]]
version = "0.3.7"
backend = "github:scipenai/tylax"

[tools."github:scipenai/tylax"."platforms.linux-x64"]
checksum = "sha256:507308f22be4e5d4dc164d9b6a7939c125083673454e6e0841560d3f898984ed"
url = "https://github.com/scipenai/tylax/releases/download/v0.3.7/t2l-v0.3.7-x86_64-unknown-linux-gnu.tar.gz"
url_api = "https://api.github.com/repos/scipenai/tylax/releases/assets/481216119"

[tools."github:scipenai/tylax"."platforms.linux-x64-musl"]
checksum = "sha256:507308f22be4e5d4dc164d9b6a7939c125083673454e6e0841560d3f898984ed"
url = "https://github.com/scipenai/tylax/releases/download/v0.3.7/t2l-v0.3.7-x86_64-unknown-linux-gnu.tar.gz"
url_api = "https://api.github.com/repos/scipenai/tylax/releases/assets/481216119"

[tools."github:scipenai/tylax"."platforms.macos-arm64"]
checksum = "sha256:60125d310aba6a37981faba424104a352724db4587fa8942d13251c95d2cbb96"
url = "https://github.com/scipenai/tylax/releases/download/v0.3.7/t2l-v0.3.7-aarch64-apple-darwin.tar.gz"
url_api = "https://api.github.com/repos/scipenai/tylax/releases/assets/481216118"

[tools."github:scipenai/tylax"."platforms.macos-x64"]
checksum = "sha256:c532bf82361b13bf9f356e1ab2ee88cb6d3987e9708a91d5779a603448b64177"
url = "https://github.com/scipenai/tylax/releases/download/v0.3.7/t2l-v0.3.7-x86_64-apple-darwin.tar.gz"
url_api = "https://api.github.com/repos/scipenai/tylax/releases/assets/481216116"

[tools."github:scipenai/tylax"."platforms.windows-x64"]
checksum = "sha256:54f02c3ac695774c575c5b174ed9a48f2883ca5dadd52e16dd9d07975a03e637"
url = "https://github.com/scipenai/tylax/releases/download/v0.3.7/t2l-v0.3.7-x86_64-pc-windows-msvc.zip"
url_api = "https://api.github.com/repos/scipenai/tylax/releases/assets/481216117"

[[tools."github:zk-org/zk"]]
version = "0.15.6"
backend = "github:zk-org/zk"

[tools."github:zk-org/zk"."platforms.linux-arm64"]
checksum = "sha256:80550e5ab50b826fef660e72fc6c7c8c872ad8673ffb798dabc32c714f63fdd5"
url = "https://github.com/zk-org/zk/releases/download/v0.15.6/zk-v0.15.6-linux-arm64.tar.gz"
url_api = "https://api.github.com/repos/zk-org/zk/releases/assets/490446232"

[tools."github:zk-org/zk"."platforms.linux-arm64-musl"]
checksum = "sha256:80550e5ab50b826fef660e72fc6c7c8c872ad8673ffb798dabc32c714f63fdd5"
url = "https://github.com/zk-org/zk/releases/download/v0.15.6/zk-v0.15.6-linux-arm64.tar.gz"
url_api = "https://api.github.com/repos/zk-org/zk/releases/assets/490446232"

[tools."github:zk-org/zk"."platforms.linux-x64"]
checksum = "sha256:50b2f0a8c533d607e5a8a1f478fe78d5585317178bd86456659c049965a8945d"
url = "https://github.com/zk-org/zk/releases/download/v0.15.6/zk-v0.15.6-linux-amd64.tar.gz"
url_api = "https://api.github.com/repos/zk-org/zk/releases/assets/490446227"

[tools."github:zk-org/zk"."platforms.linux-x64-musl"]
checksum = "sha256:50b2f0a8c533d607e5a8a1f478fe78d5585317178bd86456659c049965a8945d"
url = "https://github.com/zk-org/zk/releases/download/v0.15.6/zk-v0.15.6-linux-amd64.tar.gz"
url_api = "https://api.github.com/repos/zk-org/zk/releases/assets/490446227"

[tools."github:zk-org/zk"."platforms.macos-arm64"]
checksum = "sha256:0b9fd1a774ecd0a943659e4abf701e9f126777cc53e19d5b840e610ea44bf47d"
url = "https://github.com/zk-org/zk/releases/download/v0.15.6/zk-v0.15.6-macos-arm64.tar.gz"
url_api = "https://api.github.com/repos/zk-org/zk/releases/assets/490446225"

[tools."github:zk-org/zk"."platforms.macos-x64"]
checksum = "sha256:b316dd3eafd7883d2e48af9c2991200e2a97bfdad5f04f800eaa6aaacc31e828"
url = "https://github.com/zk-org/zk/releases/download/v0.15.6/zk-v0.15.6-macos-x86_64.tar.gz"
url_api = "https://api.github.com/repos/zk-org/zk/releases/assets/490446224"

[tools."github:zk-org/zk"."platforms.windows-x64"]
checksum = "sha256:c3e5f7673762720b1a3e832aa4fbef9d3f696fa53b7c6cb4a7d5dadbf2092a46"
url = "https://github.com/zk-org/zk/releases/download/v0.15.6/zk-v0.15.6-windows-x86_64.tar.gz"
url_api = "https://api.github.com/repos/zk-org/zk/releases/assets/490446228"

[[tools.lefthook]]
version = "2.1.11"
backend = "aqua:evilmartians/lefthook"

[tools.lefthook."platforms.linux-arm64"]
checksum = "sha256:94568fb0f7bc62eb7d7b110534f7bb01c5153551a3f364269e742fcfaa0b1c07"
url = "https://github.com/evilmartians/lefthook/releases/download/v2.1.11/lefthook_2.1.11_Linux_aarch64.gz"
url_api = "https://api.github.com/repos/evilmartians/lefthook/releases/assets/523446803"
provenance = "github-attestations"

[tools.lefthook."platforms.linux-arm64-musl"]
checksum = "sha256:94568fb0f7bc62eb7d7b110534f7bb01c5153551a3f364269e742fcfaa0b1c07"
url = "https://github.com/evilmartians/lefthook/releases/download/v2.1.11/lefthook_2.1.11_Linux_aarch64.gz"
url_api = "https://api.github.com/repos/evilmartians/lefthook/releases/assets/523446803"
provenance = "github-attestations"

[tools.lefthook."platforms.linux-x64"]
checksum = "sha256:435aff51fc767a7f135717a4e3e4f3282c15e0a4ca4e2dfd1b54ef8241ee5f3f"
url = "https://github.com/evilmartians/lefthook/releases/download/v2.1.11/lefthook_2.1.11_Linux_x86_64.gz"
url_api = "https://api.github.com/repos/evilmartians/lefthook/releases/assets/523446768"
provenance = "github-attestations"

[tools.lefthook."platforms.linux-x64-musl"]
checksum = "sha256:435aff51fc767a7f135717a4e3e4f3282c15e0a4ca4e2dfd1b54ef8241ee5f3f"
url = "https://github.com/evilmartians/lefthook/releases/download/v2.1.11/lefthook_2.1.11_Linux_x86_64.gz"
url_api = "https://api.github.com/repos/evilmartians/lefthook/releases/assets/523446768"
provenance = "github-attestations"

[tools.lefthook."platforms.macos-arm64"]
checksum = "sha256:2d2b312730f3d900354f5f0eb37abf31ff65a033021be761f25a2eb709c9cdbc"
url = "https://github.com/evilmartians/lefthook/releases/download/v2.1.11/lefthook_2.1.11_MacOS_arm64.gz"
url_api = "https://api.github.com/repos/evilmartians/lefthook/releases/assets/523446757"
provenance = "github-attestations"

[tools.lefthook."platforms.macos-x64"]
checksum = "sha256:b9ab6e5de57b1fdd1ffe77a9d57fbec34539b50481fa5c38f91f19fe5175dcc5"
url = "https://github.com/evilmartians/lefthook/releases/download/v2.1.11/lefthook_2.1.11_MacOS_x86_64.gz"
url_api = "https://api.github.com/repos/evilmartians/lefthook/releases/assets/523446802"
provenance = "github-attestations"

[tools.lefthook."platforms.windows-x64"]
checksum = "sha256:df7fb73aca464e455f66ab231965cfb15aaea4ccd45be4af4f7df908fc4077d2"
url = "https://github.com/evilmartians/lefthook/releases/download/v2.1.11/lefthook_2.1.11_Windows_x86_64.gz"
url_api = "https://api.github.com/repos/evilmartians/lefthook/releases/assets/523446762"
provenance = "github-attestations"

[[tools.lua-language-server]]
version = "3.19.1"
backend = "aqua:LuaLS/lua-language-server"

[tools.lua-language-server."platforms.linux-arm64"]
checksum = "sha256:abd2572e8fc929dc838a81ffb8473c5bce0bf39bfe8edb4b120b3b623176ce83"
url = "https://github.com/LuaLS/lua-language-server/releases/download/3.19.1/lua-language-server-3.19.1-linux-arm64.tar.gz"
url_api = "https://api.github.com/repos/LuaLS/lua-language-server/releases/assets/513570945"

[tools.lua-language-server."platforms.linux-arm64-musl"]
checksum = "sha256:abd2572e8fc929dc838a81ffb8473c5bce0bf39bfe8edb4b120b3b623176ce83"
url = "https://github.com/LuaLS/lua-language-server/releases/download/3.19.1/lua-language-server-3.19.1-linux-arm64.tar.gz"
url_api = "https://api.github.com/repos/LuaLS/lua-language-server/releases/assets/513570945"

[tools.lua-language-server."platforms.linux-x64"]
checksum = "sha256:e9235d2d72ef55bc41cf8c99cda2ed64777682024b4bb81f5dea425060c5cbb8"
url = "https://github.com/LuaLS/lua-language-server/releases/download/3.19.1/lua-language-server-3.19.1-linux-x64.tar.gz"
url_api = "https://api.github.com/repos/LuaLS/lua-language-server/releases/assets/513572259"

[tools.lua-language-server."platforms.linux-x64-musl"]
checksum = "sha256:e9235d2d72ef55bc41cf8c99cda2ed64777682024b4bb81f5dea425060c5cbb8"
url = "https://github.com/LuaLS/lua-language-server/releases/download/3.19.1/lua-language-server-3.19.1-linux-x64.tar.gz"
url_api = "https://api.github.com/repos/LuaLS/lua-language-server/releases/assets/513572259"

[tools.lua-language-server."platforms.macos-arm64"]
checksum = "sha256:0bc077f4447f076b4c92c14e9fd303f5b569eda2ec74b4dca2b55f75fae2e90c"
url = "https://github.com/LuaLS/lua-language-server/releases/download/3.19.1/lua-language-server-3.19.1-darwin-arm64.tar.gz"
url_api = "https://api.github.com/repos/LuaLS/lua-language-server/releases/assets/513570627"

[tools.lua-language-server."platforms.macos-x64"]
checksum = "sha256:eb373c159cbe556711d7cd316315de2dce969bfd54b31edb7eb9cab2937f2cca"
url = "https://github.com/LuaLS/lua-language-server/releases/download/3.19.1/lua-language-server-3.19.1-darwin-x64.tar.gz"
url_api = "https://api.github.com/repos/LuaLS/lua-language-server/releases/assets/513569911"

[tools.lua-language-server."platforms.windows-x64"]
checksum = "sha256:fdb9a59108cf62517813c97fa5549b0e16d1ef0688306bac728b08434db7e4cd"
url = "https://github.com/LuaLS/lua-language-server/releases/download/3.19.1/lua-language-server-3.19.1-win32-x64.zip"
url_api = "https://api.github.com/repos/LuaLS/lua-language-server/releases/assets/513572668"

[[tools."npm:@vtsls/language-server"]]
version = "0.3.0"
backend = "npm:@vtsls/language-server"

[[tools.odin]]
version = "dev-2026-07a"
backend = "github:odin-lang/Odin"

[[tools.oxfmt]]
version = "0.64.0"
backend = "npm:oxfmt"

[[tools.slint-lsp]]
version = "1.17.1"
backend = "github:slint-ui/slint"

[tools.slint-lsp.options]
asset_pattern = "slint-lsp-linux*"

[tools.slint-lsp."platforms.linux-arm64"]
checksum = "sha256:6f363163c4deafea085191c2c3cb80d8af8a71510370dac6a1dca21177b571fa"
url = "https://github.com/slint-ui/slint/releases/download/v1.17.1/slint-lsp-linux.tar.gz"
url_api = "https://api.github.com/repos/slint-ui/slint/releases/assets/468912271"

[tools.slint-lsp."platforms.linux-arm64-musl"]
checksum = "sha256:6f363163c4deafea085191c2c3cb80d8af8a71510370dac6a1dca21177b571fa"
url = "https://github.com/slint-ui/slint/releases/download/v1.17.1/slint-lsp-linux.tar.gz"
url_api = "https://api.github.com/repos/slint-ui/slint/releases/assets/468912271"

[tools.slint-lsp."platforms.linux-x64"]
checksum = "sha256:6f363163c4deafea085191c2c3cb80d8af8a71510370dac6a1dca21177b571fa"
url = "https://github.com/slint-ui/slint/releases/download/v1.17.1/slint-lsp-linux.tar.gz"
url_api = "https://api.github.com/repos/slint-ui/slint/releases/assets/468912271"

[tools.slint-lsp."platforms.linux-x64-musl"]
checksum = "sha256:6f363163c4deafea085191c2c3cb80d8af8a71510370dac6a1dca21177b571fa"
url = "https://github.com/slint-ui/slint/releases/download/v1.17.1/slint-lsp-linux.tar.gz"
url_api = "https://api.github.com/repos/slint-ui/slint/releases/assets/468912271"

[tools.slint-lsp."platforms.macos-arm64"]
checksum = "sha256:6f363163c4deafea085191c2c3cb80d8af8a71510370dac6a1dca21177b571fa"
url = "https://github.com/slint-ui/slint/releases/download/v1.17.1/slint-lsp-linux.tar.gz"
url_api = "https://api.github.com/repos/slint-ui/slint/releases/assets/468912271"

[tools.slint-lsp."platforms.macos-x64"]
checksum = "sha256:6f363163c4deafea085191c2c3cb80d8af8a71510370dac6a1dca21177b571fa"
url = "https://github.com/slint-ui/slint/releases/download/v1.17.1/slint-lsp-linux.tar.gz"
url_api = "https://api.github.com/repos/slint-ui/slint/releases/assets/468912271"

[tools.slint-lsp."platforms.windows-x64"]
checksum = "sha256:6f363163c4deafea085191c2c3cb80d8af8a71510370dac6a1dca21177b571fa"
url = "https://github.com/slint-ui/slint/releases/download/v1.17.1/slint-lsp-linux.tar.gz"
url_api = "https://api.github.com/repos/slint-ui/slint/releases/assets/468912271"

[[tools.slint-viewer]]
version = "1.17.1"
backend = "github:slint-ui/slint"

[tools.slint-viewer.options]
asset_pattern = "slint-viewer-linux*"

[tools.slint-viewer."platforms.linux-arm64"]
checksum = "sha256:79d1d1121d12b2933e1aa714881d17e163b18f81930e87379ac4ef302eaac4b7"
url = "https://github.com/slint-ui/slint/releases/download/v1.17.1/slint-viewer-linux.tar.gz"
url_api = "https://api.github.com/repos/slint-ui/slint/releases/assets/468912096"

[tools.slint-viewer."platforms.linux-arm64-musl"]
checksum = "sha256:79d1d1121d12b2933e1aa714881d17e163b18f81930e87379ac4ef302eaac4b7"
url = "https://github.com/slint-ui/slint/releases/download/v1.17.1/slint-viewer-linux.tar.gz"
url_api = "https://api.github.com/repos/slint-ui/slint/releases/assets/468912096"

[tools.slint-viewer."platforms.linux-x64"]
checksum = "sha256:79d1d1121d12b2933e1aa714881d17e163b18f81930e87379ac4ef302eaac4b7"
url = "https://github.com/slint-ui/slint/releases/download/v1.17.1/slint-viewer-linux.tar.gz"
url_api = "https://api.github.com/repos/slint-ui/slint/releases/assets/468912096"

[tools.slint-viewer."platforms.linux-x64-musl"]
checksum = "sha256:79d1d1121d12b2933e1aa714881d17e163b18f81930e87379ac4ef302eaac4b7"
url = "https://github.com/slint-ui/slint/releases/download/v1.17.1/slint-viewer-linux.tar.gz"
url_api = "https://api.github.com/repos/slint-ui/slint/releases/assets/468912096"

[tools.slint-viewer."platforms.macos-arm64"]
checksum = "sha256:79d1d1121d12b2933e1aa714881d17e163b18f81930e87379ac4ef302eaac4b7"
url = "https://github.com/slint-ui/slint/releases/download/v1.17.1/slint-viewer-linux.tar.gz"
url_api = "https://api.github.com/repos/slint-ui/slint/releases/assets/468912096"

[tools.slint-viewer."platforms.macos-x64"]
checksum = "sha256:79d1d1121d12b2933e1aa714881d17e163b18f81930e87379ac4ef302eaac4b7"
url = "https://github.com/slint-ui/slint/releases/download/v1.17.1/slint-viewer-linux.tar.gz"
url_api = "https://api.github.com/repos/slint-ui/slint/releases/assets/468912096"

[tools.slint-viewer."platforms.windows-x64"]
checksum = "sha256:79d1d1121d12b2933e1aa714881d17e163b18f81930e87379ac4ef302eaac4b7"
url = "https://github.com/slint-ui/slint/releases/download/v1.17.1/slint-viewer-linux.tar.gz"
url_api = "https://api.github.com/repos/slint-ui/slint/releases/assets/468912096"

[[tools.stylua]]
version = "2.5.2"
backend = "aqua:JohnnyMorganz/StyLua"

[tools.stylua."platforms.linux-arm64"]
checksum = "sha256:0ef2ebf0b7e5a652b65c4cb96c6d9ffb3981a98547de3c764465bbf54a8d761a"
url = "https://github.com/JohnnyMorganz/StyLua/releases/download/v2.5.2/stylua-linux-aarch64.zip"
url_api = "https://api.github.com/repos/JohnnyMorganz/StyLua/releases/assets/421900973"

[tools.stylua."platforms.linux-arm64-musl"]
checksum = "sha256:b948df6b4bae41af9a70948174372f96a3c14d44e3e017288701539f3db8fb75"
url = "https://github.com/JohnnyMorganz/StyLua/releases/download/v2.5.2/stylua-linux-aarch64-musl.zip"
url_api = "https://api.github.com/repos/JohnnyMorganz/StyLua/releases/assets/421900982"

[tools.stylua."platforms.linux-x64"]
checksum = "sha256:ca6f1cf52eaf69e6632b81acef9c197aa24b85eb30d2455a35e7dbe28ae77c72"
url = "https://github.com/JohnnyMorganz/StyLua/releases/download/v2.5.2/stylua-linux-x86_64-musl.zip"
url_api = "https://api.github.com/repos/JohnnyMorganz/StyLua/releases/assets/421901066"

[tools.stylua."platforms.linux-x64-musl"]
checksum = "sha256:ca6f1cf52eaf69e6632b81acef9c197aa24b85eb30d2455a35e7dbe28ae77c72"
url = "https://github.com/JohnnyMorganz/StyLua/releases/download/v2.5.2/stylua-linux-x86_64-musl.zip"
url_api = "https://api.github.com/repos/JohnnyMorganz/StyLua/releases/assets/421901066"

[tools.stylua."platforms.macos-arm64"]
checksum = "sha256:92ff0889e16324801bc072692974bb67f8161e62010fc90f96c62a17f81f32c7"
url = "https://github.com/JohnnyMorganz/StyLua/releases/download/v2.5.2/stylua-macos-aarch64.zip"
url_api = "https://api.github.com/repos/JohnnyMorganz/StyLua/releases/assets/421901102"

[tools.stylua."platforms.macos-x64"]
checksum = "sha256:53c50a1605d0a6345d160a1a5a21db40bcf2bf9cd23c17f7c277a63a1bff3a7f"
url = "https://github.com/JohnnyMorganz/StyLua/releases/download/v2.5.2/stylua-macos-x86_64.zip"
url_api = "https://api.github.com/repos/JohnnyMorganz/StyLua/releases/assets/421901085"

[tools.stylua."platforms.windows-x64"]
checksum = "sha256:e77d0ea1226b8b389b43f702240091249a96eea25857281f90ea24d0eb9eb969"
url = "https://github.com/JohnnyMorganz/StyLua/releases/download/v2.5.2/stylua-windows-x86_64.zip"
url_api = "https://api.github.com/repos/JohnnyMorganz/StyLua/releases/assets/421902292"

[[tools.tinymist]]
version = "0.15.2"
backend = "aqua:Myriad-Dreamin/tinymist"

[tools.tinymist."platforms.linux-arm64"]
checksum = "sha256:b358ed82e9102c9271e9be4be8cd1f25d3ab08276b73238b3c1106e9e28e9f68"
url = "https://github.com/Myriad-Dreamin/tinymist/releases/download/v0.15.2/tinymist-linux-arm64"
url_api = "https://api.github.com/repos/Myriad-Dreamin/tinymist/releases/assets/454537397"

[tools.tinymist."platforms.linux-arm64-musl"]
checksum = "sha256:b358ed82e9102c9271e9be4be8cd1f25d3ab08276b73238b3c1106e9e28e9f68"
url = "https://github.com/Myriad-Dreamin/tinymist/releases/download/v0.15.2/tinymist-linux-arm64"
url_api = "https://api.github.com/repos/Myriad-Dreamin/tinymist/releases/assets/454537397"

[tools.tinymist."platforms.linux-x64"]
checksum = "sha256:f5e275c6289a5c4b45ca211abde329dd662b03f2c4aca2299d6c154b81135684"
url = "https://github.com/Myriad-Dreamin/tinymist/releases/download/v0.15.2/tinymist-linux-x64"
url_api = "https://api.github.com/repos/Myriad-Dreamin/tinymist/releases/assets/454537259"

[tools.tinymist."platforms.linux-x64-musl"]
checksum = "sha256:f5e275c6289a5c4b45ca211abde329dd662b03f2c4aca2299d6c154b81135684"
url = "https://github.com/Myriad-Dreamin/tinymist/releases/download/v0.15.2/tinymist-linux-x64"
url_api = "https://api.github.com/repos/Myriad-Dreamin/tinymist/releases/assets/454537259"

[tools.tinymist."platforms.macos-arm64"]
checksum = "sha256:37fe82e44a2e0bb213132449eb24fe119b918b8a4e4c86fa4faea3b09b9e23f2"
url = "https://github.com/Myriad-Dreamin/tinymist/releases/download/v0.15.2/tinymist-darwin-arm64"
url_api = "https://api.github.com/repos/Myriad-Dreamin/tinymist/releases/assets/454537477"

[tools.tinymist."platforms.macos-x64"]
checksum = "sha256:8deedf0de44e59fbd2703e0fd19ae9ea3fbb809d8efc5b578bb999fb49226983"
url = "https://github.com/Myriad-Dreamin/tinymist/releases/download/v0.15.2/tinymist-darwin-x64"
url_api = "https://api.github.com/repos/Myriad-Dreamin/tinymist/releases/assets/454537435"

[tools.tinymist."platforms.windows-x64"]
checksum = "sha256:8780ed5076135f5afb11a03e6215d43659c193bc649634aff9b9dc91d77200a8"
url = "https://github.com/Myriad-Dreamin/tinymist/releases/download/v0.15.2/tinymist-win32-x64.exe"
url_api = "https://api.github.com/repos/Myriad-Dreamin/tinymist/releases/assets/454537125"

[[tools.tombi]]
version = "1.4.1"
backend = "aqua:tombi-toml/tombi"

[tools.tombi."platforms.linux-arm64"]
checksum = "sha256:21f51d092597053266e0ed051082743b5956b6de2f0db1cecce78e0eb29165e5"
url = "https://github.com/tombi-toml/tombi/releases/download/v1.4.1/tombi-cli-1.4.1-aarch64-unknown-linux-musl.tar.gz"
url_api = "https://api.github.com/repos/tombi-toml/tombi/releases/assets/525196347"
provenance = "github-attestations"

[tools.tombi."platforms.linux-arm64-musl"]
checksum = "sha256:21f51d092597053266e0ed051082743b5956b6de2f0db1cecce78e0eb29165e5"
url = "https://github.com/tombi-toml/tombi/releases/download/v1.4.1/tombi-cli-1.4.1-aarch64-unknown-linux-musl.tar.gz"
url_api = "https://api.github.com/repos/tombi-toml/tombi/releases/assets/525196347"
provenance = "github-attestations"

[tools.tombi."platforms.linux-x64"]
checksum = "sha256:9aa69eb3e75a4a22a961b8a1c8cc44e4f81328ce25ad5b10d151be1a09faa88d"
url = "https://github.com/tombi-toml/tombi/releases/download/v1.4.1/tombi-cli-1.4.1-x86_64-unknown-linux-musl.tar.gz"
url_api = "https://api.github.com/repos/tombi-toml/tombi/releases/assets/525196366"
provenance = "github-attestations"

[tools.tombi."platforms.linux-x64-musl"]
checksum = "sha256:9aa69eb3e75a4a22a961b8a1c8cc44e4f81328ce25ad5b10d151be1a09faa88d"
url = "https://github.com/tombi-toml/tombi/releases/download/v1.4.1/tombi-cli-1.4.1-x86_64-unknown-linux-musl.tar.gz"
url_api = "https://api.github.com/repos/tombi-toml/tombi/releases/assets/525196366"
provenance = "github-attestations"

[tools.tombi."platforms.macos-arm64"]
checksum = "sha256:0054ea75a98db2ccdef3b304bf97aeb2b1fed201df13b30b68a19672a275199c"
url = "https://github.com/tombi-toml/tombi/releases/download/v1.4.1/tombi-cli-1.4.1-aarch64-apple-darwin.tar.gz"
url_api = "https://api.github.com/repos/tombi-toml/tombi/releases/assets/525196343"
provenance = "github-attestations"

[tools.tombi."platforms.macos-x64"]
checksum = "sha256:4a14a0bf18ec0bbbeab3003f6c0dea3ffabb2cb38649ebfd6cafabc4d7eeffe0"
url = "https://github.com/tombi-toml/tombi/releases/download/v1.4.1/tombi-cli-1.4.1-x86_64-apple-darwin.tar.gz"
url_api = "https://api.github.com/repos/tombi-toml/tombi/releases/assets/525196344"
provenance = "github-attestations"

[tools.tombi."platforms.windows-x64"]
checksum = "sha256:a0b324b673f469f82337df9561951b8dea2cb5fb491e98345929d3f5a55bfe84"
url = "https://github.com/tombi-toml/tombi/releases/download/v1.4.1/tombi-cli-1.4.1-x86_64-pc-windows-msvc.zip"
url_api = "https://api.github.com/repos/tombi-toml/tombi/releases/assets/525196364"
provenance = "github-attestations"

[[tools.zig]]
version = "0.16.0"
backend = "core:zig"

[tools.zig."platforms.linux-arm64"]
checksum = "sha256:ea4b09bfb22ec6f6c6ceac57ab63efb6b46e17ab08d21f69f3a48b38e1534f17"
url = "https://ziglang.org/download/0.16.0/zig-aarch64-linux-0.16.0.tar.xz"

[tools.zig."platforms.linux-arm64-musl"]
checksum = "sha256:ea4b09bfb22ec6f6c6ceac57ab63efb6b46e17ab08d21f69f3a48b38e1534f17"
url = "https://ziglang.org/download/0.16.0/zig-aarch64-linux-0.16.0.tar.xz"

[tools.zig."platforms.linux-x64"]
checksum = "sha256:70e49664a74374b48b51e6f3fdfbf437f6395d42509050588bd49abe52ba3d00"
url = "https://ziglang.org/download/0.16.0/zig-x86_64-linux-0.16.0.tar.xz"
provenance = "minisign"

[tools.zig."platforms.linux-x64-musl"]
checksum = "sha256:70e49664a74374b48b51e6f3fdfbf437f6395d42509050588bd49abe52ba3d00"
url = "https://ziglang.org/download/0.16.0/zig-x86_64-linux-0.16.0.tar.xz"

[tools.zig."platforms.macos-arm64"]
checksum = "sha256:b23d70deaa879b5c2d486ed3316f7eaa53e84acf6fc9cc747de152450d401489"
url = "https://ziglang.org/download/0.16.0/zig-aarch64-macos-0.16.0.tar.xz"

[tools.zig."platforms.macos-x64"]
checksum = "sha256:0387557ed1877bc6a2e1802c8391953baddba76081876301c522f52977b52ba7"
url = "https://ziglang.org/download/0.16.0/zig-x86_64-macos-0.16.0.tar.xz"

[tools.zig."platforms.windows-x64"]
checksum = "sha256:68659eb5f1e4eb1437a722f1dd889c5a322c9954607f5edcf337bc3684a75a7e"
url = "https://ziglang.org/download/0.16.0/zig-x86_64-windows-0.16.0.zip"
