# @generated - this file is auto-generated by `mise lock` https://mise.en.dev/dev-tools/mise-lock.html

[[tools."cargo:wrkflw"]]
version = "0.8.0"
backend = "cargo:wrkflw"

[[tools.gh]]
version = "2.96.0"
backend = "aqua:cli/cli"

[tools.gh."platforms.linux-x64"]
checksum = "sha256:83d5c2ccad5498f58bf6368acb1ab32588cf43ab3a4b1c301bf36328b1c8bd60"
url = "https://github.com/cli/cli/releases/download/v2.96.0/gh_2.96.0_linux_amd64.tar.gz"
url_api = "https://api.github.com/repos/cli/cli/releases/assets/464728543"
provenance = "github-attestations"

[tools.gh."platforms.linux-x64-baseline"]
checksum = "sha256:83d5c2ccad5498f58bf6368acb1ab32588cf43ab3a4b1c301bf36328b1c8bd60"
url = "https://github.com/cli/cli/releases/download/v2.96.0/gh_2.96.0_linux_amd64.tar.gz"
url_api = "https://api.github.com/repos/cli/cli/releases/assets/464728543"
provenance = "github-attestations"

[tools.gh."platforms.linux-x64-musl"]
checksum = "sha256:83d5c2ccad5498f58bf6368acb1ab32588cf43ab3a4b1c301bf36328b1c8bd60"
url = "https://github.com/cli/cli/releases/download/v2.96.0/gh_2.96.0_linux_amd64.tar.gz"
url_api = "https://api.github.com/repos/cli/cli/releases/assets/464728543"
provenance = "github-attestations"

[tools.gh."platforms.linux-x64-musl-baseline"]
checksum = "sha256:83d5c2ccad5498f58bf6368acb1ab32588cf43ab3a4b1c301bf36328b1c8bd60"
url = "https://github.com/cli/cli/releases/download/v2.96.0/gh_2.96.0_linux_amd64.tar.gz"
url_api = "https://api.github.com/repos/cli/cli/releases/assets/464728543"
provenance = "github-attestations"

[[tools.git-cliff]]
version = "2.13.1"
backend = "aqua:orhun/git-cliff"

[tools.git-cliff."platforms.linux-x64"]
checksum = "sha256:200d2535da6d9703f3bcc8a4d159c3b55eacdb01cf2148c55b3eee9dd04d5249"
url = "https://github.com/orhun/git-cliff/releases/download/v2.13.1/git-cliff-2.13.1-x86_64-unknown-linux-musl.tar.gz"
url_api = "https://api.github.com/repos/orhun/git-cliff/releases/assets/405850671"

[tools.git-cliff."platforms.linux-x64-baseline"]
checksum = "sha256:200d2535da6d9703f3bcc8a4d159c3b55eacdb01cf2148c55b3eee9dd04d5249"
url = "https://github.com/orhun/git-cliff/releases/download/v2.13.1/git-cliff-2.13.1-x86_64-unknown-linux-musl.tar.gz"
url_api = "https://api.github.com/repos/orhun/git-cliff/releases/assets/405850671"

[tools.git-cliff."platforms.linux-x64-musl"]
checksum = "sha256:200d2535da6d9703f3bcc8a4d159c3b55eacdb01cf2148c55b3eee9dd04d5249"
url = "https://github.com/orhun/git-cliff/releases/download/v2.13.1/git-cliff-2.13.1-x86_64-unknown-linux-musl.tar.gz"
url_api = "https://api.github.com/repos/orhun/git-cliff/releases/assets/405850671"

[tools.git-cliff."platforms.linux-x64-musl-baseline"]
checksum = "sha256:200d2535da6d9703f3bcc8a4d159c3b55eacdb01cf2148c55b3eee9dd04d5249"
url = "https://github.com/orhun/git-cliff/releases/download/v2.13.1/git-cliff-2.13.1-x86_64-unknown-linux-musl.tar.gz"
url_api = "https://api.github.com/repos/orhun/git-cliff/releases/assets/405850671"

[[tools."github:DanielGavin/ols"]]
version = "dev-2026-05"
backend = "github:DanielGavin/ols"

[tools."github:DanielGavin/ols"."platforms.linux-x64"]
checksum = "sha256:3b0d3d37d681cab308f1e72195f3e2bca09d62a31425e61016958cd6982ddc34"
url = "https://github.com/DanielGavin/ols/releases/download/dev-2026-05/ols-x86_64-unknown-linux-gnu.zip"
url_api = "https://api.github.com/repos/DanielGavin/ols/releases/assets/414199956"

[tools."github:DanielGavin/ols"."platforms.linux-x64-baseline"]
checksum = "sha256:3b0d3d37d681cab308f1e72195f3e2bca09d62a31425e61016958cd6982ddc34"
url = "https://github.com/DanielGavin/ols/releases/download/dev-2026-05/ols-x86_64-unknown-linux-gnu.zip"
url_api = "https://api.github.com/repos/DanielGavin/ols/releases/assets/414199956"

[tools."github:DanielGavin/ols"."platforms.linux-x64-musl"]
checksum = "sha256:3b0d3d37d681cab308f1e72195f3e2bca09d62a31425e61016958cd6982ddc34"
url = "https://github.com/DanielGavin/ols/releases/download/dev-2026-05/ols-x86_64-unknown-linux-gnu.zip"
url_api = "https://api.github.com/repos/DanielGavin/ols/releases/assets/414199956"

[tools."github:DanielGavin/ols"."platforms.linux-x64-musl-baseline"]
checksum = "sha256:3b0d3d37d681cab308f1e72195f3e2bca09d62a31425e61016958cd6982ddc34"
url = "https://github.com/DanielGavin/ols/releases/download/dev-2026-05/ols-x86_64-unknown-linux-gnu.zip"
url_api = "https://api.github.com/repos/DanielGavin/ols/releases/assets/414199956"

[[tools."github:RivoLink/leaf"]]
version = "1.26.1"
backend = "github:RivoLink/leaf"

[tools."github:RivoLink/leaf"."platforms.linux-x64"]
checksum = "sha256:bea98a8658771a789b855158dbf8a0511c9e0df448b138377deeb960d50f1420"
url = "https://github.com/RivoLink/leaf/releases/download/1.26.1/leaf-linux-x86_64"
url_api = "https://api.github.com/repos/RivoLink/leaf/releases/assets/474710794"

[tools."github:RivoLink/leaf"."platforms.linux-x64-baseline"]
checksum = "sha256:bea98a8658771a789b855158dbf8a0511c9e0df448b138377deeb960d50f1420"
url = "https://github.com/RivoLink/leaf/releases/download/1.26.1/leaf-linux-x86_64"
url_api = "https://api.github.com/repos/RivoLink/leaf/releases/assets/474710794"

[tools."github:RivoLink/leaf"."platforms.linux-x64-musl"]
checksum = "sha256:bea98a8658771a789b855158dbf8a0511c9e0df448b138377deeb960d50f1420"
url = "https://github.com/RivoLink/leaf/releases/download/1.26.1/leaf-linux-x86_64"
url_api = "https://api.github.com/repos/RivoLink/leaf/releases/assets/474710794"

[tools."github:RivoLink/leaf"."platforms.linux-x64-musl-baseline"]
checksum = "sha256:bea98a8658771a789b855158dbf8a0511c9e0df448b138377deeb960d50f1420"
url = "https://github.com/RivoLink/leaf/releases/download/1.26.1/leaf-linux-x86_64"
url_api = "https://api.github.com/repos/RivoLink/leaf/releases/assets/474710794"

[[tools."github:exercism/cli"]]
version = "3.5.8"
backend = "github:exercism/cli"

[tools."github:exercism/cli"."platforms.linux-x64"]
checksum = "sha256:4ce6a3e5e41e4c51606f8cb94ef6b46e8f45144ef8c613c1ea4b8b69209e02ad"
url = "https://github.com/exercism/cli/releases/download/v3.5.8/exercism-3.5.8-linux-x86_64.tar.gz"
url_api = "https://api.github.com/repos/exercism/cli/releases/assets/296817787"

[tools."github:exercism/cli"."platforms.linux-x64-baseline"]
checksum = "sha256:4ce6a3e5e41e4c51606f8cb94ef6b46e8f45144ef8c613c1ea4b8b69209e02ad"
url = "https://github.com/exercism/cli/releases/download/v3.5.8/exercism-3.5.8-linux-x86_64.tar.gz"
url_api = "https://api.github.com/repos/exercism/cli/releases/assets/296817787"

[tools."github:exercism/cli"."platforms.linux-x64-musl"]
checksum = "sha256:4ce6a3e5e41e4c51606f8cb94ef6b46e8f45144ef8c613c1ea4b8b69209e02ad"
url = "https://github.com/exercism/cli/releases/download/v3.5.8/exercism-3.5.8-linux-x86_64.tar.gz"
url_api = "https://api.github.com/repos/exercism/cli/releases/assets/296817787"

[tools."github:exercism/cli"."platforms.linux-x64-musl-baseline"]
checksum = "sha256:4ce6a3e5e41e4c51606f8cb94ef6b46e8f45144ef8c613c1ea4b8b69209e02ad"
url = "https://github.com/exercism/cli/releases/download/v3.5.8/exercism-3.5.8-linux-x86_64.tar.gz"
url_api = "https://api.github.com/repos/exercism/cli/releases/assets/296817787"

[[tools."github:latex-lsp/texlab"]]
version = "5.26.0"
backend = "github:latex-lsp/texlab"

[tools."github:latex-lsp/texlab"."platforms.linux-x64"]
checksum = "sha256:8697bd5e479d4584b14b7eed5c320c80ec4e1d91ebefbb6801e6bf38e9971300"
url = "https://github.com/latex-lsp/texlab/releases/download/v5.26.0/texlab-x86_64-linux.tar.gz"
url_api = "https://api.github.com/repos/latex-lsp/texlab/releases/assets/457926494"

[tools."github:latex-lsp/texlab"."platforms.linux-x64-baseline"]
checksum = "sha256:8697bd5e479d4584b14b7eed5c320c80ec4e1d91ebefbb6801e6bf38e9971300"
url = "https://github.com/latex-lsp/texlab/releases/download/v5.26.0/texlab-x86_64-linux.tar.gz"
url_api = "https://api.github.com/repos/latex-lsp/texlab/releases/assets/457926494"

[tools."github:latex-lsp/texlab"."platforms.linux-x64-musl"]
checksum = "sha256:8697bd5e479d4584b14b7eed5c320c80ec4e1d91ebefbb6801e6bf38e9971300"
url = "https://github.com/latex-lsp/texlab/releases/download/v5.26.0/texlab-x86_64-linux.tar.gz"
url_api = "https://api.github.com/repos/latex-lsp/texlab/releases/assets/457926494"

[tools."github:latex-lsp/texlab"."platforms.linux-x64-musl-baseline"]
checksum = "sha256:8697bd5e479d4584b14b7eed5c320c80ec4e1d91ebefbb6801e6bf38e9971300"
url = "https://github.com/latex-lsp/texlab/releases/download/v5.26.0/texlab-x86_64-linux.tar.gz"
url_api = "https://api.github.com/repos/latex-lsp/texlab/releases/assets/457926494"

[[tools."github:rogue-sly/dotbee"]]
version = "0.7.0"
backend = "github:rogue-sly/dotbee"

[tools."github:rogue-sly/dotbee"."platforms.linux-x64"]
checksum = "sha256:fdd765466d056a418f543c7527202075079ec90addcc1956a2bac2ac719b65cf"
url = "https://github.com/rogue-sly/dotbee/releases/download/v0.7.0/dotbee-linux-x86_64"
url_api = "https://api.github.com/repos/rogue-sly/dotbee/releases/assets/468125151"

[tools."github:rogue-sly/dotbee"."platforms.linux-x64-baseline"]
checksum = "sha256:fdd765466d056a418f543c7527202075079ec90addcc1956a2bac2ac719b65cf"
url = "https://github.com/rogue-sly/dotbee/releases/download/v0.7.0/dotbee-linux-x86_64"
url_api = "https://api.github.com/repos/rogue-sly/dotbee/releases/assets/468125151"

[tools."github:rogue-sly/dotbee"."platforms.linux-x64-musl"]
checksum = "sha256:41f2e085ef22b080a5f86fabc128853a618d0a418852607ef5da14539a80264e"
url = "https://github.com/rogue-sly/dotbee/releases/download/v0.7.0/dotbee-linux-x86_64-musl"
url_api = "https://api.github.com/repos/rogue-sly/dotbee/releases/assets/468125166"

[tools."github:rogue-sly/dotbee"."platforms.linux-x64-musl-baseline"]
checksum = "sha256:41f2e085ef22b080a5f86fabc128853a618d0a418852607ef5da14539a80264e"
url = "https://github.com/rogue-sly/dotbee/releases/download/v0.7.0/dotbee-linux-x86_64-musl"
url_api = "https://api.github.com/repos/rogue-sly/dotbee/releases/assets/468125166"

[[tools."github:scipenai/tylax"]]
version = "0.3.7"
backend = "github:scipenai/tylax"

[tools."github:scipenai/tylax"."platforms.linux-x64"]
checksum = "sha256:507308f22be4e5d4dc164d9b6a7939c125083673454e6e0841560d3f898984ed"
url = "https://github.com/scipenai/tylax/releases/download/v0.3.7/t2l-v0.3.7-x86_64-unknown-linux-gnu.tar.gz"
url_api = "https://api.github.com/repos/scipenai/tylax/releases/assets/481216119"

[tools."github:scipenai/tylax"."platforms.linux-x64-baseline"]
checksum = "sha256:507308f22be4e5d4dc164d9b6a7939c125083673454e6e0841560d3f898984ed"
url = "https://github.com/scipenai/tylax/releases/download/v0.3.7/t2l-v0.3.7-x86_64-unknown-linux-gnu.tar.gz"
url_api = "https://api.github.com/repos/scipenai/tylax/releases/assets/481216119"

[tools."github:scipenai/tylax"."platforms.linux-x64-musl"]
checksum = "sha256:507308f22be4e5d4dc164d9b6a7939c125083673454e6e0841560d3f898984ed"
url = "https://github.com/scipenai/tylax/releases/download/v0.3.7/t2l-v0.3.7-x86_64-unknown-linux-gnu.tar.gz"
url_api = "https://api.github.com/repos/scipenai/tylax/releases/assets/481216119"

[tools."github:scipenai/tylax"."platforms.linux-x64-musl-baseline"]
checksum = "sha256:507308f22be4e5d4dc164d9b6a7939c125083673454e6e0841560d3f898984ed"
url = "https://github.com/scipenai/tylax/releases/download/v0.3.7/t2l-v0.3.7-x86_64-unknown-linux-gnu.tar.gz"
url_api = "https://api.github.com/repos/scipenai/tylax/releases/assets/481216119"

[[tools."github:zk-org/zk"]]
version = "0.15.5"
backend = "github:zk-org/zk"

[tools."github:zk-org/zk"."platforms.linux-x64"]
checksum = "sha256:ec522547071a1cc7aeae054a5d4e325a9e6826e3cf5ca05845917848b07770e8"
url = "https://github.com/zk-org/zk/releases/download/v0.15.5/zk-v0.15.5-linux-amd64.tar.gz"
url_api = "https://api.github.com/repos/zk-org/zk/releases/assets/441663249"

[tools."github:zk-org/zk"."platforms.linux-x64-baseline"]
checksum = "sha256:ec522547071a1cc7aeae054a5d4e325a9e6826e3cf5ca05845917848b07770e8"
url = "https://github.com/zk-org/zk/releases/download/v0.15.5/zk-v0.15.5-linux-amd64.tar.gz"
url_api = "https://api.github.com/repos/zk-org/zk/releases/assets/441663249"

[tools."github:zk-org/zk"."platforms.linux-x64-musl"]
checksum = "sha256:ec522547071a1cc7aeae054a5d4e325a9e6826e3cf5ca05845917848b07770e8"
url = "https://github.com/zk-org/zk/releases/download/v0.15.5/zk-v0.15.5-linux-amd64.tar.gz"
url_api = "https://api.github.com/repos/zk-org/zk/releases/assets/441663249"

[tools."github:zk-org/zk"."platforms.linux-x64-musl-baseline"]
checksum = "sha256:ec522547071a1cc7aeae054a5d4e325a9e6826e3cf5ca05845917848b07770e8"
url = "https://github.com/zk-org/zk/releases/download/v0.15.5/zk-v0.15.5-linux-amd64.tar.gz"
url_api = "https://api.github.com/repos/zk-org/zk/releases/assets/441663249"

[[tools.lefthook]]
version = "2.1.10"
backend = "aqua:evilmartians/lefthook"

[tools.lefthook."platforms.linux-x64"]
checksum = "sha256:0b14162a0bb2f0c64ae0759f6102f6e19c4d00981666a8ac73d4f5a6878ada4f"
url = "https://github.com/evilmartians/lefthook/releases/download/v2.1.10/lefthook_2.1.10_Linux_x86_64.gz"
url_api = "https://api.github.com/repos/evilmartians/lefthook/releases/assets/470227493"
provenance = "github-attestations"

[tools.lefthook."platforms.linux-x64-baseline"]
checksum = "sha256:0b14162a0bb2f0c64ae0759f6102f6e19c4d00981666a8ac73d4f5a6878ada4f"
url = "https://github.com/evilmartians/lefthook/releases/download/v2.1.10/lefthook_2.1.10_Linux_x86_64.gz"
url_api = "https://api.github.com/repos/evilmartians/lefthook/releases/assets/470227493"
provenance = "github-attestations"

[tools.lefthook."platforms.linux-x64-musl"]
checksum = "sha256:0b14162a0bb2f0c64ae0759f6102f6e19c4d00981666a8ac73d4f5a6878ada4f"
url = "https://github.com/evilmartians/lefthook/releases/download/v2.1.10/lefthook_2.1.10_Linux_x86_64.gz"
url_api = "https://api.github.com/repos/evilmartians/lefthook/releases/assets/470227493"
provenance = "github-attestations"

[tools.lefthook."platforms.linux-x64-musl-baseline"]
checksum = "sha256:0b14162a0bb2f0c64ae0759f6102f6e19c4d00981666a8ac73d4f5a6878ada4f"
url = "https://github.com/evilmartians/lefthook/releases/download/v2.1.10/lefthook_2.1.10_Linux_x86_64.gz"
url_api = "https://api.github.com/repos/evilmartians/lefthook/releases/assets/470227493"
provenance = "github-attestations"

[[tools.lua-language-server]]
version = "3.18.2"
backend = "aqua:LuaLS/lua-language-server"

[tools.lua-language-server."platforms.linux-x64"]
checksum = "sha256:ca71415dd19f19e30aaa35a4915aefca9fdb5fec31b98331cc3d77f778d539c5"
url = "https://github.com/LuaLS/lua-language-server/releases/download/3.18.2/lua-language-server-3.18.2-linux-x64.tar.gz"
url_api = "https://api.github.com/repos/LuaLS/lua-language-server/releases/assets/396268957"

[tools.lua-language-server."platforms.linux-x64-baseline"]
checksum = "sha256:ca71415dd19f19e30aaa35a4915aefca9fdb5fec31b98331cc3d77f778d539c5"
url = "https://github.com/LuaLS/lua-language-server/releases/download/3.18.2/lua-language-server-3.18.2-linux-x64.tar.gz"
url_api = "https://api.github.com/repos/LuaLS/lua-language-server/releases/assets/396268957"

[tools.lua-language-server."platforms.linux-x64-musl"]
checksum = "sha256:ca71415dd19f19e30aaa35a4915aefca9fdb5fec31b98331cc3d77f778d539c5"
url = "https://github.com/LuaLS/lua-language-server/releases/download/3.18.2/lua-language-server-3.18.2-linux-x64.tar.gz"
url_api = "https://api.github.com/repos/LuaLS/lua-language-server/releases/assets/396268957"

[tools.lua-language-server."platforms.linux-x64-musl-baseline"]
checksum = "sha256:ca71415dd19f19e30aaa35a4915aefca9fdb5fec31b98331cc3d77f778d539c5"
url = "https://github.com/LuaLS/lua-language-server/releases/download/3.18.2/lua-language-server-3.18.2-linux-x64.tar.gz"
url_api = "https://api.github.com/repos/LuaLS/lua-language-server/releases/assets/396268957"

[[tools."npm:oxfmt"]]
version = "0.59.0"
backend = "npm:oxfmt"

[[tools.odin]]
version = "dev-2026-07a"
backend = "github:odin-lang/Odin"

[tools.odin."platforms.linux-x64"]
checksum = "sha256:32a7678abc66f1af7353abb5b0b5da47d94b7e663f6d250df29bc9117e864c10"
url = "https://github.com/odin-lang/Odin/releases/download/dev-2026-07a/odin-linux-amd64-dev-2026-07a.tar.gz"
url_api = "https://api.github.com/repos/odin-lang/Odin/releases/assets/472392374"

[tools.odin."platforms.linux-x64-baseline"]
checksum = "sha256:32a7678abc66f1af7353abb5b0b5da47d94b7e663f6d250df29bc9117e864c10"
url = "https://github.com/odin-lang/Odin/releases/download/dev-2026-07a/odin-linux-amd64-dev-2026-07a.tar.gz"
url_api = "https://api.github.com/repos/odin-lang/Odin/releases/assets/472392374"

[tools.odin."platforms.linux-x64-musl"]
checksum = "sha256:32a7678abc66f1af7353abb5b0b5da47d94b7e663f6d250df29bc9117e864c10"
url = "https://github.com/odin-lang/Odin/releases/download/dev-2026-07a/odin-linux-amd64-dev-2026-07a.tar.gz"
url_api = "https://api.github.com/repos/odin-lang/Odin/releases/assets/472392374"

[tools.odin."platforms.linux-x64-musl-baseline"]
checksum = "sha256:32a7678abc66f1af7353abb5b0b5da47d94b7e663f6d250df29bc9117e864c10"
url = "https://github.com/odin-lang/Odin/releases/download/dev-2026-07a/odin-linux-amd64-dev-2026-07a.tar.gz"
url_api = "https://api.github.com/repos/odin-lang/Odin/releases/assets/472392374"

[[tools.oxfmt]]
version = "0.59.0"
backend = "npm:oxfmt"

[[tools.slint-lsp]]
version = "1.17.1"
backend = "github:slint-ui/slint"

[tools.slint-lsp.options]
asset_pattern = "slint-lsp-linux*"

[tools.slint-lsp."platforms.linux-x64"]
checksum = "sha256:6f363163c4deafea085191c2c3cb80d8af8a71510370dac6a1dca21177b571fa"
url = "https://github.com/slint-ui/slint/releases/download/v1.17.1/slint-lsp-linux.tar.gz"
url_api = "https://api.github.com/repos/slint-ui/slint/releases/assets/468912271"

[tools.slint-lsp."platforms.linux-x64-baseline"]
checksum = "sha256:6f363163c4deafea085191c2c3cb80d8af8a71510370dac6a1dca21177b571fa"
url = "https://github.com/slint-ui/slint/releases/download/v1.17.1/slint-lsp-linux.tar.gz"
url_api = "https://api.github.com/repos/slint-ui/slint/releases/assets/468912271"

[tools.slint-lsp."platforms.linux-x64-musl"]
checksum = "sha256:6f363163c4deafea085191c2c3cb80d8af8a71510370dac6a1dca21177b571fa"
url = "https://github.com/slint-ui/slint/releases/download/v1.17.1/slint-lsp-linux.tar.gz"
url_api = "https://api.github.com/repos/slint-ui/slint/releases/assets/468912271"

[tools.slint-lsp."platforms.linux-x64-musl-baseline"]
checksum = "sha256:6f363163c4deafea085191c2c3cb80d8af8a71510370dac6a1dca21177b571fa"
url = "https://github.com/slint-ui/slint/releases/download/v1.17.1/slint-lsp-linux.tar.gz"
url_api = "https://api.github.com/repos/slint-ui/slint/releases/assets/468912271"

[[tools.slint-viewer]]
version = "1.17.1"
backend = "github:slint-ui/slint"

[tools.slint-viewer.options]
asset_pattern = "slint-viewer-linux*"

[tools.slint-viewer."platforms.linux-x64"]
checksum = "sha256:79d1d1121d12b2933e1aa714881d17e163b18f81930e87379ac4ef302eaac4b7"
url = "https://github.com/slint-ui/slint/releases/download/v1.17.1/slint-viewer-linux.tar.gz"
url_api = "https://api.github.com/repos/slint-ui/slint/releases/assets/468912096"

[tools.slint-viewer."platforms.linux-x64-baseline"]
checksum = "sha256:79d1d1121d12b2933e1aa714881d17e163b18f81930e87379ac4ef302eaac4b7"
url = "https://github.com/slint-ui/slint/releases/download/v1.17.1/slint-viewer-linux.tar.gz"
url_api = "https://api.github.com/repos/slint-ui/slint/releases/assets/468912096"

[tools.slint-viewer."platforms.linux-x64-musl"]
checksum = "sha256:79d1d1121d12b2933e1aa714881d17e163b18f81930e87379ac4ef302eaac4b7"
url = "https://github.com/slint-ui/slint/releases/download/v1.17.1/slint-viewer-linux.tar.gz"
url_api = "https://api.github.com/repos/slint-ui/slint/releases/assets/468912096"

[tools.slint-viewer."platforms.linux-x64-musl-baseline"]
checksum = "sha256:79d1d1121d12b2933e1aa714881d17e163b18f81930e87379ac4ef302eaac4b7"
url = "https://github.com/slint-ui/slint/releases/download/v1.17.1/slint-viewer-linux.tar.gz"
url_api = "https://api.github.com/repos/slint-ui/slint/releases/assets/468912096"

[[tools.stylua]]
version = "2.5.2"
backend = "aqua:JohnnyMorganz/StyLua"

[tools.stylua."platforms.linux-x64"]
checksum = "sha256:ca6f1cf52eaf69e6632b81acef9c197aa24b85eb30d2455a35e7dbe28ae77c72"
url = "https://github.com/JohnnyMorganz/StyLua/releases/download/v2.5.2/stylua-linux-x86_64-musl.zip"
url_api = "https://api.github.com/repos/JohnnyMorganz/StyLua/releases/assets/421901066"

[tools.stylua."platforms.linux-x64-baseline"]
checksum = "sha256:ca6f1cf52eaf69e6632b81acef9c197aa24b85eb30d2455a35e7dbe28ae77c72"
url = "https://github.com/JohnnyMorganz/StyLua/releases/download/v2.5.2/stylua-linux-x86_64-musl.zip"
url_api = "https://api.github.com/repos/JohnnyMorganz/StyLua/releases/assets/421901066"

[tools.stylua."platforms.linux-x64-musl"]
checksum = "sha256:ca6f1cf52eaf69e6632b81acef9c197aa24b85eb30d2455a35e7dbe28ae77c72"
url = "https://github.com/JohnnyMorganz/StyLua/releases/download/v2.5.2/stylua-linux-x86_64-musl.zip"
url_api = "https://api.github.com/repos/JohnnyMorganz/StyLua/releases/assets/421901066"

[tools.stylua."platforms.linux-x64-musl-baseline"]
checksum = "sha256:ca6f1cf52eaf69e6632b81acef9c197aa24b85eb30d2455a35e7dbe28ae77c72"
url = "https://github.com/JohnnyMorganz/StyLua/releases/download/v2.5.2/stylua-linux-x86_64-musl.zip"
url_api = "https://api.github.com/repos/JohnnyMorganz/StyLua/releases/assets/421901066"

[[tools.tinymist]]
version = "0.15.2"
backend = "aqua:Myriad-Dreamin/tinymist"

[tools.tinymist."platforms.linux-x64"]
checksum = "sha256:f5e275c6289a5c4b45ca211abde329dd662b03f2c4aca2299d6c154b81135684"
url = "https://github.com/Myriad-Dreamin/tinymist/releases/download/v0.15.2/tinymist-linux-x64"
url_api = "https://api.github.com/repos/Myriad-Dreamin/tinymist/releases/assets/454537259"

[tools.tinymist."platforms.linux-x64-baseline"]
checksum = "sha256:f5e275c6289a5c4b45ca211abde329dd662b03f2c4aca2299d6c154b81135684"
url = "https://github.com/Myriad-Dreamin/tinymist/releases/download/v0.15.2/tinymist-linux-x64"
url_api = "https://api.github.com/repos/Myriad-Dreamin/tinymist/releases/assets/454537259"

[tools.tinymist."platforms.linux-x64-musl"]
checksum = "sha256:f5e275c6289a5c4b45ca211abde329dd662b03f2c4aca2299d6c154b81135684"
url = "https://github.com/Myriad-Dreamin/tinymist/releases/download/v0.15.2/tinymist-linux-x64"
url_api = "https://api.github.com/repos/Myriad-Dreamin/tinymist/releases/assets/454537259"

[tools.tinymist."platforms.linux-x64-musl-baseline"]
checksum = "sha256:f5e275c6289a5c4b45ca211abde329dd662b03f2c4aca2299d6c154b81135684"
url = "https://github.com/Myriad-Dreamin/tinymist/releases/download/v0.15.2/tinymist-linux-x64"
url_api = "https://api.github.com/repos/Myriad-Dreamin/tinymist/releases/assets/454537259"

[[tools.tombi]]
version = "1.2.4"
backend = "aqua:tombi-toml/tombi"

[tools.tombi."platforms.linux-x64"]
checksum = "sha256:a74364d9c27835cefd9d7d9e4fee0487a7f68bc5289650e61050d6b0c395dc4d"
url = "https://github.com/tombi-toml/tombi/releases/download/v1.2.4/tombi-cli-1.2.4-x86_64-unknown-linux-musl.tar.gz"
url_api = "https://api.github.com/repos/tombi-toml/tombi/releases/assets/482325758"
provenance = "github-attestations"

[tools.tombi."platforms.linux-x64-baseline"]
checksum = "sha256:a74364d9c27835cefd9d7d9e4fee0487a7f68bc5289650e61050d6b0c395dc4d"
url = "https://github.com/tombi-toml/tombi/releases/download/v1.2.4/tombi-cli-1.2.4-x86_64-unknown-linux-musl.tar.gz"
url_api = "https://api.github.com/repos/tombi-toml/tombi/releases/assets/482325758"
provenance = "github-attestations"

[tools.tombi."platforms.linux-x64-musl"]
checksum = "sha256:a74364d9c27835cefd9d7d9e4fee0487a7f68bc5289650e61050d6b0c395dc4d"
url = "https://github.com/tombi-toml/tombi/releases/download/v1.2.4/tombi-cli-1.2.4-x86_64-unknown-linux-musl.tar.gz"
url_api = "https://api.github.com/repos/tombi-toml/tombi/releases/assets/482325758"
provenance = "github-attestations"

[tools.tombi."platforms.linux-x64-musl-baseline"]
checksum = "sha256:a74364d9c27835cefd9d7d9e4fee0487a7f68bc5289650e61050d6b0c395dc4d"
url = "https://github.com/tombi-toml/tombi/releases/download/v1.2.4/tombi-cli-1.2.4-x86_64-unknown-linux-musl.tar.gz"
url_api = "https://api.github.com/repos/tombi-toml/tombi/releases/assets/482325758"
provenance = "github-attestations"
