# @generated - this file is auto-generated by `mise lock` https://mise.en.dev/dev-tools/mise-lock.html

[[tools.dotnet]]
version = "10.0.302"
backend = "core:dotnet"

[[tools."dotnet:roslyn-language-server"]]
version = "5.9.0-1.26303.1"
backend = "dotnet:roslyn-language-server"

[[tools.flutter]]
version = "3.44.8"
backend = "http:flutter"

[tools.flutter."platforms.linux-x64"]
checksum = "sha256:672089e001571a9fbb209a495c583580c0c6c73ef98999264ba07fa93ace332d"
url = "https://storage.googleapis.com/flutter_infra_release/releases/stable/linux/flutter_linux_3.44.8-stable.tar.xz"

[tools.flutter."platforms.linux-x64-baseline"]
checksum = "sha256:672089e001571a9fbb209a495c583580c0c6c73ef98999264ba07fa93ace332d"
url = "https://storage.googleapis.com/flutter_infra_release/releases/stable/linux/flutter_linux_3.44.8-stable.tar.xz"

[tools.flutter."platforms.linux-x64-musl"]
checksum = "sha256:672089e001571a9fbb209a495c583580c0c6c73ef98999264ba07fa93ace332d"
url = "https://storage.googleapis.com/flutter_infra_release/releases/stable/linux/flutter_linux_3.44.8-stable.tar.xz"

[tools.flutter."platforms.linux-x64-musl-baseline"]
checksum = "sha256:672089e001571a9fbb209a495c583580c0c6c73ef98999264ba07fa93ace332d"
url = "https://storage.googleapis.com/flutter_infra_release/releases/stable/linux/flutter_linux_3.44.8-stable.tar.xz"

[[tools.gh]]
version = "2.96.0"
backend = "aqua:cli/cli"

[tools.gh."platforms.linux-x64"]
checksum = "sha256:83d5c2ccad5498f58bf6368acb1ab32588cf43ab3a4b1c301bf36328b1c8bd60"
url = "https://github.com/cli/cli/releases/download/v2.96.0/gh_2.96.0_linux_amd64.tar.gz"
url_api = "https://api.github.com/repos/cli/cli/releases/assets/464728543"
provenance = "github-attestations"

[tools.gh."platforms.linux-x64-baseline"]
checksum = "sha256:83d5c2ccad5498f58bf6368acb1ab32588cf43ab3a4b1c301bf36328b1c8bd60"
url = "https://github.com/cli/cli/releases/download/v2.96.0/gh_2.96.0_linux_amd64.tar.gz"
url_api = "https://api.github.com/repos/cli/cli/releases/assets/464728543"
provenance = "github-attestations"

[tools.gh."platforms.linux-x64-musl"]
checksum = "sha256:83d5c2ccad5498f58bf6368acb1ab32588cf43ab3a4b1c301bf36328b1c8bd60"
url = "https://github.com/cli/cli/releases/download/v2.96.0/gh_2.96.0_linux_amd64.tar.gz"
url_api = "https://api.github.com/repos/cli/cli/releases/assets/464728543"
provenance = "github-attestations"

[tools.gh."platforms.linux-x64-musl-baseline"]
checksum = "sha256:83d5c2ccad5498f58bf6368acb1ab32588cf43ab3a4b1c301bf36328b1c8bd60"
url = "https://github.com/cli/cli/releases/download/v2.96.0/gh_2.96.0_linux_amd64.tar.gz"
url_api = "https://api.github.com/repos/cli/cli/releases/assets/464728543"
provenance = "github-attestations"

[[tools.git-cliff]]
version = "2.13.1"
backend = "aqua:orhun/git-cliff"

[tools.git-cliff."platforms.linux-x64"]
checksum = "sha256:200d2535da6d9703f3bcc8a4d159c3b55eacdb01cf2148c55b3eee9dd04d5249"
url = "https://github.com/orhun/git-cliff/releases/download/v2.13.1/git-cliff-2.13.1-x86_64-unknown-linux-musl.tar.gz"
url_api = "https://api.github.com/repos/orhun/git-cliff/releases/assets/405850671"

[tools.git-cliff."platforms.linux-x64-baseline"]
checksum = "sha256:200d2535da6d9703f3bcc8a4d159c3b55eacdb01cf2148c55b3eee9dd04d5249"
url = "https://github.com/orhun/git-cliff/releases/download/v2.13.1/git-cliff-2.13.1-x86_64-unknown-linux-musl.tar.gz"
url_api = "https://api.github.com/repos/orhun/git-cliff/releases/assets/405850671"

[tools.git-cliff."platforms.linux-x64-musl"]
checksum = "sha256:200d2535da6d9703f3bcc8a4d159c3b55eacdb01cf2148c55b3eee9dd04d5249"
url = "https://github.com/orhun/git-cliff/releases/download/v2.13.1/git-cliff-2.13.1-x86_64-unknown-linux-musl.tar.gz"
url_api = "https://api.github.com/repos/orhun/git-cliff/releases/assets/405850671"

[tools.git-cliff."platforms.linux-x64-musl-baseline"]
checksum = "sha256:200d2535da6d9703f3bcc8a4d159c3b55eacdb01cf2148c55b3eee9dd04d5249"
url = "https://github.com/orhun/git-cliff/releases/download/v2.13.1/git-cliff-2.13.1-x86_64-unknown-linux-musl.tar.gz"
url_api = "https://api.github.com/repos/orhun/git-cliff/releases/assets/405850671"

[[tools."github:DanielGavin/ols"]]
version = "dev-2026-05"
backend = "github:DanielGavin/ols"

[[tools."github:OmniSharp/omnisharp-roslyn"]]
version = "1.39.15"
backend = "github:OmniSharp/omnisharp-roslyn"

[[tools."github:RivoLink/leaf"]]
version = "1.26.1"
backend = "github:RivoLink/leaf"

[[tools."github:bahdotsh/wrkflw"]]
version = "0.8.0"
backend = "github:bahdotsh/wrkflw"

[[tools."github:exercism/cli"]]
version = "3.5.8"
backend = "github:exercism/cli"

[[tools."github:latex-lsp/texlab"]]
version = "5.26.0"
backend = "github:latex-lsp/texlab"

[[tools."github:rogue-sly/dotbee"]]
version = "0.7.0"
backend = "github:rogue-sly/dotbee"

[[tools."github:scipenai/tylax"]]
version = "0.3.7"
backend = "github:scipenai/tylax"

[[tools."github:zk-org/zk"]]
version = "0.15.5"
backend = "github:zk-org/zk"

[[tools.lefthook]]
version = "2.1.10"
backend = "aqua:evilmartians/lefthook"

[tools.lefthook."platforms.linux-x64"]
checksum = "sha256:0b14162a0bb2f0c64ae0759f6102f6e19c4d00981666a8ac73d4f5a6878ada4f"
url = "https://github.com/evilmartians/lefthook/releases/download/v2.1.10/lefthook_2.1.10_Linux_x86_64.gz"
url_api = "https://api.github.com/repos/evilmartians/lefthook/releases/assets/470227493"
provenance = "github-attestations"

[tools.lefthook."platforms.linux-x64-baseline"]
checksum = "sha256:0b14162a0bb2f0c64ae0759f6102f6e19c4d00981666a8ac73d4f5a6878ada4f"
url = "https://github.com/evilmartians/lefthook/releases/download/v2.1.10/lefthook_2.1.10_Linux_x86_64.gz"
url_api = "https://api.github.com/repos/evilmartians/lefthook/releases/assets/470227493"
provenance = "github-attestations"

[tools.lefthook."platforms.linux-x64-musl"]
checksum = "sha256:0b14162a0bb2f0c64ae0759f6102f6e19c4d00981666a8ac73d4f5a6878ada4f"
url = "https://github.com/evilmartians/lefthook/releases/download/v2.1.10/lefthook_2.1.10_Linux_x86_64.gz"
url_api = "https://api.github.com/repos/evilmartians/lefthook/releases/assets/470227493"
provenance = "github-attestations"

[tools.lefthook."platforms.linux-x64-musl-baseline"]
checksum = "sha256:0b14162a0bb2f0c64ae0759f6102f6e19c4d00981666a8ac73d4f5a6878ada4f"
url = "https://github.com/evilmartians/lefthook/releases/download/v2.1.10/lefthook_2.1.10_Linux_x86_64.gz"
url_api = "https://api.github.com/repos/evilmartians/lefthook/releases/assets/470227493"
provenance = "github-attestations"

[[tools.lua-language-server]]
version = "3.18.2"
backend = "aqua:LuaLS/lua-language-server"

[tools.lua-language-server."platforms.linux-x64"]
checksum = "sha256:ca71415dd19f19e30aaa35a4915aefca9fdb5fec31b98331cc3d77f778d539c5"
url = "https://github.com/LuaLS/lua-language-server/releases/download/3.18.2/lua-language-server-3.18.2-linux-x64.tar.gz"
url_api = "https://api.github.com/repos/LuaLS/lua-language-server/releases/assets/396268957"

[tools.lua-language-server."platforms.linux-x64-baseline"]
checksum = "sha256:ca71415dd19f19e30aaa35a4915aefca9fdb5fec31b98331cc3d77f778d539c5"
url = "https://github.com/LuaLS/lua-language-server/releases/download/3.18.2/lua-language-server-3.18.2-linux-x64.tar.gz"
url_api = "https://api.github.com/repos/LuaLS/lua-language-server/releases/assets/396268957"

[tools.lua-language-server."platforms.linux-x64-musl"]
checksum = "sha256:ca71415dd19f19e30aaa35a4915aefca9fdb5fec31b98331cc3d77f778d539c5"
url = "https://github.com/LuaLS/lua-language-server/releases/download/3.18.2/lua-language-server-3.18.2-linux-x64.tar.gz"
url_api = "https://api.github.com/repos/LuaLS/lua-language-server/releases/assets/396268957"

[tools.lua-language-server."platforms.linux-x64-musl-baseline"]
checksum = "sha256:ca71415dd19f19e30aaa35a4915aefca9fdb5fec31b98331cc3d77f778d539c5"
url = "https://github.com/LuaLS/lua-language-server/releases/download/3.18.2/lua-language-server-3.18.2-linux-x64.tar.gz"
url_api = "https://api.github.com/repos/LuaLS/lua-language-server/releases/assets/396268957"

[[tools.odin]]
version = "dev-2026-07a"
backend = "github:odin-lang/Odin"

[[tools.opencode]]
version = "1.18.4"
backend = "aqua:anomalyco/opencode"

[tools.opencode."platforms.linux-x64"]
checksum = "sha256:bab463c3fb3224d388bb7cfad63f38703df9cf0be2cfd2ce8cb49d886b53a174"
url = "https://github.com/anomalyco/opencode/releases/download/v1.18.4/opencode-linux-x64.tar.gz"
url_api = "https://api.github.com/repos/anomalyco/opencode/releases/assets/483582201"

[tools.opencode."platforms.linux-x64-baseline"]
checksum = "sha256:bab463c3fb3224d388bb7cfad63f38703df9cf0be2cfd2ce8cb49d886b53a174"
url = "https://github.com/anomalyco/opencode/releases/download/v1.18.4/opencode-linux-x64.tar.gz"
url_api = "https://api.github.com/repos/anomalyco/opencode/releases/assets/483582201"

[tools.opencode."platforms.linux-x64-musl"]
checksum = "sha256:b6cb242a989387cd79d5f9b742f24dccda2537e4938d413cbea5b3c88ac6085a"
url = "https://github.com/anomalyco/opencode/releases/download/v1.18.4/opencode-linux-x64-musl.tar.gz"
url_api = "https://api.github.com/repos/anomalyco/opencode/releases/assets/483582194"

[tools.opencode."platforms.linux-x64-musl-baseline"]
checksum = "sha256:b6cb242a989387cd79d5f9b742f24dccda2537e4938d413cbea5b3c88ac6085a"
url = "https://github.com/anomalyco/opencode/releases/download/v1.18.4/opencode-linux-x64-musl.tar.gz"
url_api = "https://api.github.com/repos/anomalyco/opencode/releases/assets/483582194"

[[tools.oxfmt]]
version = "0.60.0"
backend = "npm:oxfmt"

[[tools.slint-lsp]]
version = "1.17.1"
backend = "github:slint-ui/slint"

[tools.slint-lsp.options]
asset_pattern = "slint-lsp-linux*"

[[tools.slint-viewer]]
version = "1.17.1"
backend = "github:slint-ui/slint"

[tools.slint-viewer.options]
asset_pattern = "slint-viewer-linux*"

[[tools.stylua]]
version = "2.5.2"
backend = "aqua:JohnnyMorganz/StyLua"

[tools.stylua."platforms.linux-x64"]
checksum = "sha256:ca6f1cf52eaf69e6632b81acef9c197aa24b85eb30d2455a35e7dbe28ae77c72"
url = "https://github.com/JohnnyMorganz/StyLua/releases/download/v2.5.2/stylua-linux-x86_64-musl.zip"
url_api = "https://api.github.com/repos/JohnnyMorganz/StyLua/releases/assets/421901066"

[tools.stylua."platforms.linux-x64-baseline"]
checksum = "sha256:ca6f1cf52eaf69e6632b81acef9c197aa24b85eb30d2455a35e7dbe28ae77c72"
url = "https://github.com/JohnnyMorganz/StyLua/releases/download/v2.5.2/stylua-linux-x86_64-musl.zip"
url_api = "https://api.github.com/repos/JohnnyMorganz/StyLua/releases/assets/421901066"

[tools.stylua."platforms.linux-x64-musl"]
checksum = "sha256:ca6f1cf52eaf69e6632b81acef9c197aa24b85eb30d2455a35e7dbe28ae77c72"
url = "https://github.com/JohnnyMorganz/StyLua/releases/download/v2.5.2/stylua-linux-x86_64-musl.zip"
url_api = "https://api.github.com/repos/JohnnyMorganz/StyLua/releases/assets/421901066"

[tools.stylua."platforms.linux-x64-musl-baseline"]
checksum = "sha256:ca6f1cf52eaf69e6632b81acef9c197aa24b85eb30d2455a35e7dbe28ae77c72"
url = "https://github.com/JohnnyMorganz/StyLua/releases/download/v2.5.2/stylua-linux-x86_64-musl.zip"
url_api = "https://api.github.com/repos/JohnnyMorganz/StyLua/releases/assets/421901066"

[[tools.tinymist]]
version = "0.15.2"
backend = "aqua:Myriad-Dreamin/tinymist"

[tools.tinymist."platforms.linux-x64"]
checksum = "sha256:f5e275c6289a5c4b45ca211abde329dd662b03f2c4aca2299d6c154b81135684"
url = "https://github.com/Myriad-Dreamin/tinymist/releases/download/v0.15.2/tinymist-linux-x64"
url_api = "https://api.github.com/repos/Myriad-Dreamin/tinymist/releases/assets/454537259"

[tools.tinymist."platforms.linux-x64-baseline"]
checksum = "sha256:f5e275c6289a5c4b45ca211abde329dd662b03f2c4aca2299d6c154b81135684"
url = "https://github.com/Myriad-Dreamin/tinymist/releases/download/v0.15.2/tinymist-linux-x64"
url_api = "https://api.github.com/repos/Myriad-Dreamin/tinymist/releases/assets/454537259"

[tools.tinymist."platforms.linux-x64-musl"]
checksum = "sha256:f5e275c6289a5c4b45ca211abde329dd662b03f2c4aca2299d6c154b81135684"
url = "https://github.com/Myriad-Dreamin/tinymist/releases/download/v0.15.2/tinymist-linux-x64"
url_api = "https://api.github.com/repos/Myriad-Dreamin/tinymist/releases/assets/454537259"

[tools.tinymist."platforms.linux-x64-musl-baseline"]
checksum = "sha256:f5e275c6289a5c4b45ca211abde329dd662b03f2c4aca2299d6c154b81135684"
url = "https://github.com/Myriad-Dreamin/tinymist/releases/download/v0.15.2/tinymist-linux-x64"
url_api = "https://api.github.com/repos/Myriad-Dreamin/tinymist/releases/assets/454537259"

[[tools.tombi]]
version = "1.2.4"
backend = "aqua:tombi-toml/tombi"

[tools.tombi."platforms.linux-x64"]
checksum = "sha256:a74364d9c27835cefd9d7d9e4fee0487a7f68bc5289650e61050d6b0c395dc4d"
url = "https://github.com/tombi-toml/tombi/releases/download/v1.2.4/tombi-cli-1.2.4-x86_64-unknown-linux-musl.tar.gz"
url_api = "https://api.github.com/repos/tombi-toml/tombi/releases/assets/482325758"
provenance = "github-attestations"

[tools.tombi."platforms.linux-x64-baseline"]
checksum = "sha256:a74364d9c27835cefd9d7d9e4fee0487a7f68bc5289650e61050d6b0c395dc4d"
url = "https://github.com/tombi-toml/tombi/releases/download/v1.2.4/tombi-cli-1.2.4-x86_64-unknown-linux-musl.tar.gz"
url_api = "https://api.github.com/repos/tombi-toml/tombi/releases/assets/482325758"
provenance = "github-attestations"

[tools.tombi."platforms.linux-x64-musl"]
checksum = "sha256:a74364d9c27835cefd9d7d9e4fee0487a7f68bc5289650e61050d6b0c395dc4d"
url = "https://github.com/tombi-toml/tombi/releases/download/v1.2.4/tombi-cli-1.2.4-x86_64-unknown-linux-musl.tar.gz"
url_api = "https://api.github.com/repos/tombi-toml/tombi/releases/assets/482325758"
provenance = "github-attestations"

[tools.tombi."platforms.linux-x64-musl-baseline"]
checksum = "sha256:a74364d9c27835cefd9d7d9e4fee0487a7f68bc5289650e61050d6b0c395dc4d"
url = "https://github.com/tombi-toml/tombi/releases/download/v1.2.4/tombi-cli-1.2.4-x86_64-unknown-linux-musl.tar.gz"
url_api = "https://api.github.com/repos/tombi-toml/tombi/releases/assets/482325758"
provenance = "github-attestations"
